// !$*UTF8*$!
{
	archiveVersion = 1;
	classes = {
	};
	objectVersion = 45;
	objects = {

/* Begin PBXBuildFile section */
		1DDD58160DA1D0A300B32029 /* MainMenu.xib in Resources */ = {isa = PBXBuildFile; fileRef = 1DDD58140DA1D0A300B32029 /* MainMenu.xib */; };
		8D11072B0486CEB800E47090 /* InfoPlist.strings in Resources */ = {isa = PBXBuildFile; fileRef = 089C165CFE840E0CC02AAC07 /* InfoPlist.strings */; };
		8D11072D0486CEB800E47090 /* main.m in Sources */ = {isa = PBXBuildFile; fileRef = 29B97316FDCFA39411CA2CEA /* main.m */; settings = {ATTRIBUTES = (); }; };
		8D11072F0486CEB800E47090 /* Cocoa.framework in Frameworks */ = {isa = PBXBuildFile; fileRef = 1058C7A1FEA54F0111CA2CBB /* Cocoa.framework */; };
		CB920E2D0EF3D04B00A89BBD /* NSURL+MPURLParameterAdditions.m in Sources */ = {isa = PBXBuildFile; fileRef = CB946B980EEE179A00493DCC /* NSURL+MPURLParameterAdditions.m */; };
		CB920E2E0EF3D04B00A89BBD /* NSURLResponse+Encoding.m in Sources */ = {isa = PBXBuildFile; fileRef = CBDC71890EEA4AC8008C4B9B /* NSURLResponse+Encoding.m */; };
		CB920E2F0EF3D04B00A89BBD /* NSString+URLEscapingAdditions.m in Sources */ = {isa = PBXBuildFile; fileRef = CB6EC2650EEC70790012512C /* NSString+URLEscapingAdditions.m */; };
		CB920E300EF3D04B00A89BBD /* Base64Transcoder.c in Sources */ = {isa = PBXBuildFile; fileRef = CB6EC3C60EED02C60012512C /* Base64Transcoder.c */; };
		CB920E310EF3D04B00A89BBD /* hmac.c in Sources */ = {isa = PBXBuildFile; fileRef = CB6EC3C80EED02C60012512C /* hmac.c */; };
		CB920E320EF3D04B00A89BBD /* sha1.c in Sources */ = {isa = PBXBuildFile; fileRef = CB6EC3CA0EED02C60012512C /* sha1.c */; };
		CB920E330EF3D04B00A89BBD /* MPOAuthCredentialConcreteStore.m in Sources */ = {isa = PBXBuildFile; fileRef = CB920CF00EF2412B00A89BBD /* MPOAuthCredentialConcreteStore.m */; };
		CB920E340EF3D04B00A89BBD /* MPOAuthAPI.m in Sources */ = {isa = PBXBuildFile; fileRef = CBDC70590EEA04B9008C4B9B /* MPOAuthAPI.m */; };
		CB920E350EF3D04B00A89BBD /* MPOAuthAPIRequestLoader.m in Sources */ = {isa = PBXBuildFile; fileRef = CBDC708B0EEA28AA008C4B9B /* MPOAuthAPIRequestLoader.m */; };
		CB920E360EF3D04B00A89BBD /* MPOAuthConnection.m in Sources */ = {isa = PBXBuildFile; fileRef = CBDC70560EE9FCBB008C4B9B /* MPOAuthConnection.m */; };
		CB920E370EF3D04B00A89BBD /* MPOAuthURLRequest.m in Sources */ = {isa = PBXBuildFile; fileRef = CBDC70720EEA0F0A008C4B9B /* MPOAuthURLRequest.m */; };
		CB920E380EF3D04B00A89BBD /* MPOAuthURLResponse.m in Sources */ = {isa = PBXBuildFile; fileRef = CBDC715E0EEA453C008C4B9B /* MPOAuthURLResponse.m */; };
		CB920E390EF3D04B00A89BBD /* MPOAuthSignatureParameter.m in Sources */ = {isa = PBXBuildFile; fileRef = CB6EC3700EECE9030012512C /* MPOAuthSignatureParameter.m */; };
		CB920E3A0EF3D04B00A89BBD /* MPURLRequestParameter.m in Sources */ = {isa = PBXBuildFile; fileRef = CBDC70830EEA2680008C4B9B /* MPURLRequestParameter.m */; };
		CB920E3C0EF3D0B000A89BBD /* MPOAuthCredentialStore.h in Headers */ = {isa = PBXBuildFile; fileRef = CBDC72300EEB451A008C4B9B /* MPOAuthCredentialStore.h */; };
		CB920E3E0EF3D0B000A89BBD /* MPOAuthAPI.h in Headers */ = {isa = PBXBuildFile; fileRef = CBDC70580EEA04B9008C4B9B /* MPOAuthAPI.h */; };
		CB920E3F0EF3D0B000A89BBD /* MPOAuthAPIRequestLoader.h in Headers */ = {isa = PBXBuildFile; fileRef = CBDC708A0EEA28AA008C4B9B /* MPOAuthAPIRequestLoader.h */; };
		CB920E400EF3D0B000A89BBD /* MPOAuthConnection.h in Headers */ = {isa = PBXBuildFile; fileRef = CBDC70550EE9FCBB008C4B9B /* MPOAuthConnection.h */; };
		CB920E410EF3D0B000A89BBD /* MPOAuthURLRequest.h in Headers */ = {isa = PBXBuildFile; fileRef = CBDC70710EEA0F0A008C4B9B /* MPOAuthURLRequest.h */; };
		CB920E420EF3D0B000A89BBD /* MPOAuthURLResponse.h in Headers */ = {isa = PBXBuildFile; fileRef = CBDC715D0EEA453C008C4B9B /* MPOAuthURLResponse.h */; };
		CB920E430EF3D0B000A89BBD /* MPOAuthSignatureParameter.h in Headers */ = {isa = PBXBuildFile; fileRef = CB6EC36F0EECE9030012512C /* MPOAuthSignatureParameter.h */; };
		CB920E440EF3D0B000A89BBD /* MPURLRequestParameter.h in Headers */ = {isa = PBXBuildFile; fileRef = CBDC70820EEA2680008C4B9B /* MPURLRequestParameter.h */; };
		CB920E450EF3D0C500A89BBD /* MPOAuthParameterFactory.h in Headers */ = {isa = PBXBuildFile; fileRef = CBDC72420EEB4AC0008C4B9B /* MPOAuthParameterFactory.h */; };
		CB920E6E0EF3D17C00A89BBD /* Security.framework in Frameworks */ = {isa = PBXBuildFile; fileRef = CB920C750EF2397300A89BBD /* Security.framework */; };
		CB920E720EF3D1E700A89BBD /* MPOAuth.h in Headers */ = {isa = PBXBuildFile; fileRef = CB920E700EF3D1E700A89BBD /* MPOAuth.h */; };
		CB920EAF0EF3D63300A89BBD /* MPOAuth.framework in Frameworks */ = {isa = PBXBuildFile; fileRef = CB920EAD0EF3D62700A89BBD /* MPOAuth.framework */; };
		CB920EB10EF3D67300A89BBD /* MPOAuth.framework in CopyFiles */ = {isa = PBXBuildFile; fileRef = CB920EAD0EF3D62700A89BBD /* MPOAuth.framework */; };
		CBDC70910EEA338C008C4B9B /* OAuthClientController.m in Sources */ = {isa = PBXBuildFile; fileRef = CBDC70900EEA338C008C4B9B /* OAuthClientController.m */; };
/* End PBXBuildFile section */

/* Begin PBXContainerItemProxy section */
		CB920E750EF3D46000A89BBD /* PBXContainerItemProxy */ = {
			isa = PBXContainerItemProxy;
			containerPortal = 29B97313FDCFA39411CA2CEA /* Project object */;
			proxyType = 1;
			remoteGlobalIDString = CB920E270EF3D02600A89BBD /* MPOAuth */;
			remoteInfo = MPOAuth;
		};
/* End PBXContainerItemProxy section */

/* Begin PBXCopyFilesBuildPhase section */
		CB920EB30EF3D69100A89BBD /* CopyFiles */ = {
			isa = PBXCopyFilesBuildPhase;
			buildActionMask = 2147483647;
			dstPath = "";
			dstSubfolderSpec = 10;
			files = (
				CB920EB10EF3D67300A89BBD /* MPOAuth.framework in CopyFiles */,
			);
			runOnlyForDeploymentPostprocessing = 0;
		};
/* End PBXCopyFilesBuildPhase section */

/* Begin PBXFileReference section */
		089C165DFE840E0CC02AAC07 /* English */ = {isa = PBXFileReference; fileEncoding = 10; lastKnownFileType = text.plist.strings; name = English; path = English.lproj/InfoPlist.strings; sourceTree = "<group>"; };
		1058C7A1FEA54F0111CA2CBB /* Cocoa.framework */ = {isa = PBXFileReference; lastKnownFileType = wrapper.framework; name = Cocoa.framework; path = /System/Library/Frameworks/Cocoa.framework; sourceTree = "<absolute>"; };
		13E42FB307B3F0F600E4EEF1 /* CoreData.framework */ = {isa = PBXFileReference; lastKnownFileType = wrapper.framework; name = CoreData.framework; path = /System/Library/Frameworks/CoreData.framework; sourceTree = "<absolute>"; };
		1DDD58150DA1D0A300B32029 /* English */ = {isa = PBXFileReference; lastKnownFileType = file.xib; name = English; path = English.lproj/MainMenu.xib; sourceTree = "<group>"; };
		29B97316FDCFA39411CA2CEA /* main.m */ = {isa = PBXFileReference; fileEncoding = 4; lastKnownFileType = sourcecode.c.objc; path = main.m; sourceTree = "<group>"; };
		29B97324FDCFA39411CA2CEA /* AppKit.framework */ = {isa = PBXFileReference; lastKnownFileType = wrapper.framework; name = AppKit.framework; path = /System/Library/Frameworks/AppKit.framework; sourceTree = "<absolute>"; };
		29B97325FDCFA39411CA2CEA /* Foundation.framework */ = {isa = PBXFileReference; lastKnownFileType = wrapper.framework; name = Foundation.framework; path = /System/Library/Frameworks/Foundation.framework; sourceTree = "<absolute>"; };
		32CA4F630368D1EE00C91783 /* MPOAuthConnection_Prefix.pch */ = {isa = PBXFileReference; fileEncoding = 4; lastKnownFileType = sourcecode.c.h; path = MPOAuthConnection_Prefix.pch; sourceTree = "<group>"; };
		8D1107310486CEB800E47090 /* Info.plist */ = {isa = PBXFileReference; fileEncoding = 4; lastKnownFileType = text.plist.xml; path = Info.plist; sourceTree = "<group>"; };
		8D1107320486CEB800E47090 /* MPOAuthConnection.app */ = {isa = PBXFileReference; explicitFileType = wrapper.application; includeInIndex = 0; path = MPOAuthConnection.app; sourceTree = BUILT_PRODUCTS_DIR; };
		CB6EC2640EEC70790012512C /* NSString+URLEscapingAdditions.h */ = {isa = PBXFileReference; fileEncoding = 4; lastKnownFileType = sourcecode.c.h; path = "NSString+URLEscapingAdditions.h"; sourceTree = "<group>"; };
		CB6EC2650EEC70790012512C /* NSString+URLEscapingAdditions.m */ = {isa = PBXFileReference; fileEncoding = 4; lastKnownFileType = sourcecode.c.objc; path = "NSString+URLEscapingAdditions.m"; sourceTree = "<group>"; };
		CB6EC36F0EECE9030012512C /* MPOAuthSignatureParameter.h */ = {isa = PBXFileReference; fileEncoding = 4; lastKnownFileType = sourcecode.c.h; path = MPOAuthSignatureParameter.h; sourceTree = "<group>"; };
		CB6EC3700EECE9030012512C /* MPOAuthSignatureParameter.m */ = {isa = PBXFileReference; fileEncoding = 4; lastKnownFileType = sourcecode.c.objc; path = MPOAuthSignatureParameter.m; sourceTree = "<group>"; };
		CB6EC3C60EED02C60012512C /* Base64Transcoder.c */ = {isa = PBXFileReference; fileEncoding = 4; lastKnownFileType = sourcecode.c.c; path = Base64Transcoder.c; sourceTree = "<group>"; };
		CB6EC3C70EED02C60012512C /* Base64Transcoder.h */ = {isa = PBXFileReference; fileEncoding = 4; lastKnownFileType = sourcecode.c.h; path = Base64Transcoder.h; sourceTree = "<group>"; };
		CB6EC3C80EED02C60012512C /* hmac.c */ = {isa = PBXFileReference; fileEncoding = 4; lastKnownFileType = sourcecode.c.c; path = hmac.c; sourceTree = "<group>"; };
		CB6EC3C90EED02C60012512C /* hmac.h */ = {isa = PBXFileReference; fileEncoding = 4; lastKnownFileType = sourcecode.c.h; path = hmac.h; sourceTree = "<group>"; };
		CB6EC3CA0EED02C60012512C /* sha1.c */ = {isa = PBXFileReference; fileEncoding = 4; lastKnownFileType = sourcecode.c.c; path = sha1.c; sourceTree = "<group>"; };
		CB6EC3CB0EED02C60012512C /* sha1.h */ = {isa = PBXFileReference; fileEncoding = 4; lastKnownFileType = sourcecode.c.h; path = sha1.h; sourceTree = "<group>"; };
		CB920C750EF2397300A89BBD /* Security.framework */ = {isa = PBXFileReference; lastKnownFileType = wrapper.framework; name = Security.framework; path = /System/Library/Frameworks/Security.framework; sourceTree = "<absolute>"; };
		CB920CEF0EF2412B00A89BBD /* MPOAuthCredentialConcreteStore.h */ = {isa = PBXFileReference; fileEncoding = 4; lastKnownFileType = sourcecode.c.h; path = MPOAuthCredentialConcreteStore.h; sourceTree = "<group>"; };
		CB920CF00EF2412B00A89BBD /* MPOAuthCredentialConcreteStore.m */ = {isa = PBXFileReference; fileEncoding = 4; lastKnownFileType = sourcecode.c.objc; path = MPOAuthCredentialConcreteStore.m; sourceTree = "<group>"; };
		CB920E280EF3D02600A89BBD /* MPOAuth.framework */ = {isa = PBXFileReference; explicitFileType = wrapper.framework; includeInIndex = 0; path = MPOAuth.framework; sourceTree = BUILT_PRODUCTS_DIR; };
		CB920E290EF3D02600A89BBD /* MPOAuth-Info.plist */ = {isa = PBXFileReference; lastKnownFileType = text.plist.xml; path = "MPOAuth-Info.plist"; sourceTree = "<group>"; };
		CB920E700EF3D1E700A89BBD /* MPOAuth.h */ = {isa = PBXFileReference; fileEncoding = 4; lastKnownFileType = sourcecode.c.h; path = MPOAuth.h; sourceTree = "<group>"; };
		CB920EAD0EF3D62700A89BBD /* MPOAuth.framework */ = {isa = PBXFileReference; lastKnownFileType = wrapper.framework; path = MPOAuth.framework; sourceTree = BUILT_PRODUCTS_DIR; };
		CB946B970EEE179A00493DCC /* NSURL+MPURLParameterAdditions.h */ = {isa = PBXFileReference; fileEncoding = 4; lastKnownFileType = sourcecode.c.h; path = "NSURL+MPURLParameterAdditions.h"; sourceTree = "<group>"; };
		CB946B980EEE179A00493DCC /* NSURL+MPURLParameterAdditions.m */ = {isa = PBXFileReference; fileEncoding = 4; lastKnownFileType = sourcecode.c.objc; path = "NSURL+MPURLParameterAdditions.m"; sourceTree = "<group>"; };
		CBDC70550EE9FCBB008C4B9B /* MPOAuthConnection.h */ = {isa = PBXFileReference; fileEncoding = 4; lastKnownFileType = sourcecode.c.h; path = MPOAuthConnection.h; sourceTree = "<group>"; };
		CBDC70560EE9FCBB008C4B9B /* MPOAuthConnection.m */ = {isa = PBXFileReference; fileEncoding = 4; lastKnownFileType = sourcecode.c.objc; path = MPOAuthConnection.m; sourceTree = "<group>"; };
		CBDC70580EEA04B9008C4B9B /* MPOAuthAPI.h */ = {isa = PBXFileReference; fileEncoding = 4; lastKnownFileType = sourcecode.c.h; path = MPOAuthAPI.h; sourceTree = "<group>"; };
		CBDC70590EEA04B9008C4B9B /* MPOAuthAPI.m */ = {isa = PBXFileReference; fileEncoding = 4; lastKnownFileType = sourcecode.c.objc; path = MPOAuthAPI.m; sourceTree = "<group>"; };
		CBDC70710EEA0F0A008C4B9B /* MPOAuthURLRequest.h */ = {isa = PBXFileReference; fileEncoding = 4; lastKnownFileType = sourcecode.c.h; path = MPOAuthURLRequest.h; sourceTree = "<group>"; };
		CBDC70720EEA0F0A008C4B9B /* MPOAuthURLRequest.m */ = {isa = PBXFileReference; fileEncoding = 4; lastKnownFileType = sourcecode.c.objc; path = MPOAuthURLRequest.m; sourceTree = "<group>"; };
		CBDC70820EEA2680008C4B9B /* MPURLRequestParameter.h */ = {isa = PBXFileReference; fileEncoding = 4; lastKnownFileType = sourcecode.c.h; path = MPURLRequestParameter.h; sourceTree = "<group>"; };
		CBDC70830EEA2680008C4B9B /* MPURLRequestParameter.m */ = {isa = PBXFileReference; fileEncoding = 4; lastKnownFileType = sourcecode.c.objc; path = MPURLRequestParameter.m; sourceTree = "<group>"; };
		CBDC708A0EEA28AA008C4B9B /* MPOAuthAPIRequestLoader.h */ = {isa = PBXFileReference; fileEncoding = 4; lastKnownFileType = sourcecode.c.h; path = MPOAuthAPIRequestLoader.h; sourceTree = "<group>"; };
		CBDC708B0EEA28AA008C4B9B /* MPOAuthAPIRequestLoader.m */ = {isa = PBXFileReference; fileEncoding = 4; lastKnownFileType = sourcecode.c.objc; path = MPOAuthAPIRequestLoader.m; sourceTree = "<group>"; };
		CBDC708F0EEA338C008C4B9B /* OAuthClientController.h */ = {isa = PBXFileReference; fileEncoding = 4; lastKnownFileType = sourcecode.c.h; path = OAuthClientController.h; sourceTree = "<group>"; };
		CBDC70900EEA338C008C4B9B /* OAuthClientController.m */ = {isa = PBXFileReference; fileEncoding = 4; lastKnownFileType = sourcecode.c.objc; path = OAuthClientController.m; sourceTree = "<group>"; };
		CBDC715D0EEA453C008C4B9B /* MPOAuthURLResponse.h */ = {isa = PBXFileReference; fileEncoding = 4; lastKnownFileType = sourcecode.c.h; path = MPOAuthURLResponse.h; sourceTree = "<group>"; };
		CBDC715E0EEA453C008C4B9B /* MPOAuthURLResponse.m */ = {isa = PBXFileReference; fileEncoding = 4; lastKnownFileType = sourcecode.c.objc; path = MPOAuthURLResponse.m; sourceTree = "<group>"; };
		CBDC71880EEA4AC8008C4B9B /* NSURLResponse+Encoding.h */ = {isa = PBXFileReference; fileEncoding = 4; lastKnownFileType = sourcecode.c.h; path = "NSURLResponse+Encoding.h"; sourceTree = "<group>"; };
		CBDC71890EEA4AC8008C4B9B /* NSURLResponse+Encoding.m */ = {isa = PBXFileReference; fileEncoding = 4; lastKnownFileType = sourcecode.c.objc; path = "NSURLResponse+Encoding.m"; sourceTree = "<group>"; };
		CBDC72300EEB451A008C4B9B /* MPOAuthCredentialStore.h */ = {isa = PBXFileReference; fileEncoding = 4; lastKnownFileType = sourcecode.c.h; path = MPOAuthCredentialStore.h; sourceTree = "<group>"; };
		CBDC72420EEB4AC0008C4B9B /* MPOAuthParameterFactory.h */ = {isa = PBXFileReference; fileEncoding = 4; lastKnownFileType = sourcecode.c.h; path = MPOAuthParameterFactory.h; sourceTree = "<group>"; };
/* End PBXFileReference section */

/* Begin PBXFrameworksBuildPhase section */
		8D11072E0486CEB800E47090 /* Frameworks */ = {
			isa = PBXFrameworksBuildPhase;
			buildActionMask = 2147483647;
			files = (
				8D11072F0486CEB800E47090 /* Cocoa.framework in Frameworks */,
				CB920EAF0EF3D63300A89BBD /* MPOAuth.framework in Frameworks */,
			);
			runOnlyForDeploymentPostprocessing = 0;
		};
		CB920E260EF3D02600A89BBD /* Frameworks */ = {
			isa = PBXFrameworksBuildPhase;
			buildActionMask = 2147483647;
			files = (
				CB920E6E0EF3D17C00A89BBD /* Security.framework in Frameworks */,
			);
			runOnlyForDeploymentPostprocessing = 0;
		};
/* End PBXFrameworksBuildPhase section */

/* Begin PBXGroup section */
		080E96DDFE201D6D7F000001 /* Source */ = {
			isa = PBXGroup;
			children = (
				CBDC70920EEA3393008C4B9B /* Test App */,
				CBDC70740EEA0F4D008C4B9B /* Framework */,
			);
			path = Source;
			sourceTree = "<group>";
		};
		1058C7A0FEA54F0111CA2CBB /* Linked Frameworks */ = {
			isa = PBXGroup;
			children = (
				1058C7A1FEA54F0111CA2CBB /* Cocoa.framework */,
				CB920C750EF2397300A89BBD /* Security.framework */,
				CB920EAD0EF3D62700A89BBD /* MPOAuth.framework */,
			);
			name = "Linked Frameworks";
			sourceTree = "<group>";
		};
		1058C7A2FEA54F0111CA2CBB /* Other Frameworks */ = {
			isa = PBXGroup;
			children = (
				29B97324FDCFA39411CA2CEA /* AppKit.framework */,
				13E42FB307B3F0F600E4EEF1 /* CoreData.framework */,
				29B97325FDCFA39411CA2CEA /* Foundation.framework */,
			);
			name = "Other Frameworks";
			sourceTree = "<group>";
		};
		19C28FACFE9D520D11CA2CBB /* Products */ = {
			isa = PBXGroup;
			children = (
				8D1107320486CEB800E47090 /* MPOAuthConnection.app */,
				CB920E280EF3D02600A89BBD /* MPOAuth.framework */,
			);
			name = Products;
			sourceTree = "<group>";
		};
		29B97314FDCFA39411CA2CEA /* MPOAuthConnection */ = {
			isa = PBXGroup;
			children = (
				080E96DDFE201D6D7F000001 /* Source */,
				29B97315FDCFA39411CA2CEA /* Other Sources */,
				29B97317FDCFA39411CA2CEA /* Resources */,
				29B97323FDCFA39411CA2CEA /* Frameworks */,
				19C28FACFE9D520D11CA2CBB /* Products */,
				CB920E290EF3D02600A89BBD /* MPOAuth-Info.plist */,
			);
			name = MPOAuthConnection;
			sourceTree = "<group>";
		};
		29B97315FDCFA39411CA2CEA /* Other Sources */ = {
			isa = PBXGroup;
			children = (
				32CA4F630368D1EE00C91783 /* MPOAuthConnection_Prefix.pch */,
				29B97316FDCFA39411CA2CEA /* main.m */,
			);
			name = "Other Sources";
			sourceTree = "<group>";
		};
		29B97317FDCFA39411CA2CEA /* Resources */ = {
			isa = PBXGroup;
			children = (
				8D1107310486CEB800E47090 /* Info.plist */,
				089C165CFE840E0CC02AAC07 /* InfoPlist.strings */,
				1DDD58140DA1D0A300B32029 /* MainMenu.xib */,
			);
			name = Resources;
			sourceTree = "<group>";
		};
		29B97323FDCFA39411CA2CEA /* Frameworks */ = {
			isa = PBXGroup;
			children = (
				1058C7A0FEA54F0111CA2CBB /* Linked Frameworks */,
				1058C7A2FEA54F0111CA2CBB /* Other Frameworks */,
			);
			name = Frameworks;
			sourceTree = "<group>";
		};
		CB6EC3C50EED02C60012512C /* Crypto */ = {
			isa = PBXGroup;
			children = (
				CB6EC3C60EED02C60012512C /* Base64Transcoder.c */,
				CB6EC3C70EED02C60012512C /* Base64Transcoder.h */,
				CB6EC3C80EED02C60012512C /* hmac.c */,
				CB6EC3C90EED02C60012512C /* hmac.h */,
				CB6EC3CA0EED02C60012512C /* sha1.c */,
				CB6EC3CB0EED02C60012512C /* sha1.h */,
			);
			path = Crypto;
			sourceTree = "<group>";
		};
		CBDC70740EEA0F4D008C4B9B /* Framework */ = {
			isa = PBXGroup;
			children = (
				CB920E700EF3D1E700A89BBD /* MPOAuth.h */,
				CBDC70770EEA11D1008C4B9B /* Additions */,
				CB6EC3C50EED02C60012512C /* Crypto */,
				CBDC72300EEB451A008C4B9B /* MPOAuthCredentialStore.h */,
				CBDC72420EEB4AC0008C4B9B /* MPOAuthParameterFactory.h */,
				CB920CEF0EF2412B00A89BBD /* MPOAuthCredentialConcreteStore.h */,
				CB920CF00EF2412B00A89BBD /* MPOAuthCredentialConcreteStore.m */,
				CBDC70580EEA04B9008C4B9B /* MPOAuthAPI.h */,
				CBDC70590EEA04B9008C4B9B /* MPOAuthAPI.m */,
				CBDC708A0EEA28AA008C4B9B /* MPOAuthAPIRequestLoader.h */,
				CBDC708B0EEA28AA008C4B9B /* MPOAuthAPIRequestLoader.m */,
				CBDC70550EE9FCBB008C4B9B /* MPOAuthConnection.h */,
				CBDC70560EE9FCBB008C4B9B /* MPOAuthConnection.m */,
				CBDC70710EEA0F0A008C4B9B /* MPOAuthURLRequest.h */,
				CBDC70720EEA0F0A008C4B9B /* MPOAuthURLRequest.m */,
				CBDC715D0EEA453C008C4B9B /* MPOAuthURLResponse.h */,
				CBDC715E0EEA453C008C4B9B /* MPOAuthURLResponse.m */,
				CB6EC36F0EECE9030012512C /* MPOAuthSignatureParameter.h */,
				CB6EC3700EECE9030012512C /* MPOAuthSignatureParameter.m */,
				CBDC70820EEA2680008C4B9B /* MPURLRequestParameter.h */,
				CBDC70830EEA2680008C4B9B /* MPURLRequestParameter.m */,
			);
			path = Framework;
			sourceTree = "<group>";
		};
		CBDC70770EEA11D1008C4B9B /* Additions */ = {
			isa = PBXGroup;
			children = (
				CB946B970EEE179A00493DCC /* NSURL+MPURLParameterAdditions.h */,
				CB946B980EEE179A00493DCC /* NSURL+MPURLParameterAdditions.m */,
				CBDC71880EEA4AC8008C4B9B /* NSURLResponse+Encoding.h */,
				CBDC71890EEA4AC8008C4B9B /* NSURLResponse+Encoding.m */,
				CB6EC2640EEC70790012512C /* NSString+URLEscapingAdditions.h */,
				CB6EC2650EEC70790012512C /* NSString+URLEscapingAdditions.m */,
			);
			name = Additions;
			sourceTree = "<group>";
		};
		CBDC70920EEA3393008C4B9B /* Test App */ = {
			isa = PBXGroup;
			children = (
				CBDC708F0EEA338C008C4B9B /* OAuthClientController.h */,
				CBDC70900EEA338C008C4B9B /* OAuthClientController.m */,
			);
			path = "Test App";
			sourceTree = "<group>";
		};
/* End PBXGroup section */

/* Begin PBXHeadersBuildPhase section */
		CB920E230EF3D02600A89BBD /* Headers */ = {
			isa = PBXHeadersBuildPhase;
			buildActionMask = 2147483647;
			files = (
				CB920E720EF3D1E700A89BBD /* MPOAuth.h in Headers */,
				CB920E3E0EF3D0B000A89BBD /* MPOAuthAPI.h in Headers */,
				CB920E3C0EF3D0B000A89BBD /* MPOAuthCredentialStore.h in Headers */,
				CB920E450EF3D0C500A89BBD /* MPOAuthParameterFactory.h in Headers */,
				CB920E3F0EF3D0B000A89BBD /* MPOAuthAPIRequestLoader.h in Headers */,
				CB920E400EF3D0B000A89BBD /* MPOAuthConnection.h in Headers */,
				CB920E410EF3D0B000A89BBD /* MPOAuthURLRequest.h in Headers */,
				CB920E420EF3D0B000A89BBD /* MPOAuthURLResponse.h in Headers */,
				CB920E430EF3D0B000A89BBD /* MPOAuthSignatureParameter.h in Headers */,
				CB920E440EF3D0B000A89BBD /* MPURLRequestParameter.h in Headers */,
			);
			runOnlyForDeploymentPostprocessing = 0;
		};
/* End PBXHeadersBuildPhase section */

/* Begin PBXNativeTarget section */
		8D1107260486CEB800E47090 /* MPOAuthConnection */ = {
			isa = PBXNativeTarget;
			buildConfigurationList = C01FCF4A08A954540054247B /* Build configuration list for PBXNativeTarget "MPOAuthConnection" */;
			buildPhases = (
				8D1107290486CEB800E47090 /* Resources */,
				8D11072C0486CEB800E47090 /* Sources */,
				8D11072E0486CEB800E47090 /* Frameworks */,
				CB920EB30EF3D69100A89BBD /* CopyFiles */,
			);
			buildRules = (
			);
			dependencies = (
				CB920E760EF3D46000A89BBD /* PBXTargetDependency */,
			);
			name = MPOAuthConnection;
			productInstallPath = "$(HOME)/Applications";
			productName = MPOAuthConnection;
			productReference = 8D1107320486CEB800E47090 /* MPOAuthConnection.app */;
			productType = "com.apple.product-type.application";
		};
		CB920E270EF3D02600A89BBD /* MPOAuth */ = {
			isa = PBXNativeTarget;
			buildConfigurationList = CB920E2C0EF3D02800A89BBD /* Build configuration list for PBXNativeTarget "MPOAuth" */;
			buildPhases = (
				CB920E230EF3D02600A89BBD /* Headers */,
				CB920E240EF3D02600A89BBD /* Resources */,
				CB920E250EF3D02600A89BBD /* Sources */,
				CB920E260EF3D02600A89BBD /* Frameworks */,
			);
			buildRules = (
			);
			dependencies = (
			);
			name = MPOAuth;
			productName = MPOAuth;
			productReference = CB920E280EF3D02600A89BBD /* MPOAuth.framework */;
			productType = "com.apple.product-type.framework";
		};
/* End PBXNativeTarget section */

/* Begin PBXProject section */
		29B97313FDCFA39411CA2CEA /* Project object */ = {
			isa = PBXProject;
			buildConfigurationList = C01FCF4E08A954540054247B /* Build configuration list for PBXProject "MPOAuthConnection" */;
			compatibilityVersion = "Xcode 3.1";
			hasScannedForEncodings = 1;
			mainGroup = 29B97314FDCFA39411CA2CEA /* MPOAuthConnection */;
			projectDirPath = "";
			projectRoot = "";
			targets = (
				8D1107260486CEB800E47090 /* MPOAuthConnection */,
				CB920E270EF3D02600A89BBD /* MPOAuth */,
			);
		};
/* End PBXProject section */

/* Begin PBXResourcesBuildPhase section */
		8D1107290486CEB800E47090 /* Resources */ = {
			isa = PBXResourcesBuildPhase;
			buildActionMask = 2147483647;
			files = (
				8D11072B0486CEB800E47090 /* InfoPlist.strings in Resources */,
				1DDD58160DA1D0A300B32029 /* MainMenu.xib in Resources */,
			);
			runOnlyForDeploymentPostprocessing = 0;
		};
		CB920E240EF3D02600A89BBD /* Resources */ = {
			isa = PBXResourcesBuildPhase;
			buildActionMask = 2147483647;
			files = (
			);
			runOnlyForDeploymentPostprocessing = 0;
		};
/* End PBXResourcesBuildPhase section */

/* Begin PBXSourcesBuildPhase section */
		8D11072C0486CEB800E47090 /* Sources */ = {
			isa = PBXSourcesBuildPhase;
			buildActionMask = 2147483647;
			files = (
				8D11072D0486CEB800E47090 /* main.m in Sources */,
				CBDC70910EEA338C008C4B9B /* OAuthClientController.m in Sources */,
			);
			runOnlyForDeploymentPostprocessing = 0;
		};
		CB920E250EF3D02600A89BBD /* Sources */ = {
			isa = PBXSourcesBuildPhase;
			buildActionMask = 2147483647;
			files = (
				CB920E330EF3D04B00A89BBD /* MPOAuthCredentialConcreteStore.m in Sources */,
				CB920E340EF3D04B00A89BBD /* MPOAuthAPI.m in Sources */,
				CB920E350EF3D04B00A89BBD /* MPOAuthAPIRequestLoader.m in Sources */,
				CB920E360EF3D04B00A89BBD /* MPOAuthConnection.m in Sources */,
				CB920E370EF3D04B00A89BBD /* MPOAuthURLRequest.m in Sources */,
				CB920E380EF3D04B00A89BBD /* MPOAuthURLResponse.m in Sources */,
				CB920E390EF3D04B00A89BBD /* MPOAuthSignatureParameter.m in Sources */,
				CB920E3A0EF3D04B00A89BBD /* MPURLRequestParameter.m in Sources */,
				CB920E2D0EF3D04B00A89BBD /* NSURL+MPURLParameterAdditions.m in Sources */,
				CB920E2E0EF3D04B00A89BBD /* NSURLResponse+Encoding.m in Sources */,
				CB920E2F0EF3D04B00A89BBD /* NSString+URLEscapingAdditions.m in Sources */,
				CB920E300EF3D04B00A89BBD /* Base64Transcoder.c in Sources */,
				CB920E310EF3D04B00A89BBD /* hmac.c in Sources */,
				CB920E320EF3D04B00A89BBD /* sha1.c in Sources */,
			);
			runOnlyForDeploymentPostprocessing = 0;
		};
/* End PBXSourcesBuildPhase section */

/* Begin PBXTargetDependency section */
		CB920E760EF3D46000A89BBD /* PBXTargetDependency */ = {
			isa = PBXTargetDependency;
			target = CB920E270EF3D02600A89BBD /* MPOAuth */;
			targetProxy = CB920E750EF3D46000A89BBD /* PBXContainerItemProxy */;
		};
/* End PBXTargetDependency section */

/* Begin PBXVariantGroup section */
		089C165CFE840E0CC02AAC07 /* InfoPlist.strings */ = {
			isa = PBXVariantGroup;
			children = (
				089C165DFE840E0CC02AAC07 /* English */,
			);
			name = InfoPlist.strings;
			sourceTree = "<group>";
		};
		1DDD58140DA1D0A300B32029 /* MainMenu.xib */ = {
			isa = PBXVariantGroup;
			children = (
				1DDD58150DA1D0A300B32029 /* English */,
			);
			name = MainMenu.xib;
			sourceTree = "<group>";
		};
/* End PBXVariantGroup section */

/* Begin XCBuildConfiguration section */
		C01FCF4B08A954540054247B /* Debug */ = {
			isa = XCBuildConfiguration;
			buildSettings = {
				ALWAYS_SEARCH_USER_PATHS = NO;
				COPY_PHASE_STRIP = NO;
				FRAMEWORK_SEARCH_PATHS = "$(BUILT_PRODUCTS_DIR)";
				GCC_DYNAMIC_NO_PIC = NO;
				GCC_ENABLE_FIX_AND_CONTINUE = YES;
				GCC_MODEL_TUNING = G5;
				GCC_OPTIMIZATION_LEVEL = 0;
				GCC_PRECOMPILE_PREFIX_HEADER = YES;
				GCC_PREFIX_HEADER = MPOAuthConnection_Prefix.pch;
				HEADER_SEARCH_PATHS = "$(BUILT_PRODUCTS_DIR)";
				INFOPLIST_FILE = Info.plist;
				INSTALL_PATH = "$(HOME)/Applications";
				PRODUCT_NAME = MPOAuthConnection;
			};
			name = Debug;
		};
		C01FCF4C08A954540054247B /* Release */ = {
			isa = XCBuildConfiguration;
			buildSettings = {
				ALWAYS_SEARCH_USER_PATHS = NO;
				DEBUG_INFORMATION_FORMAT = "dwarf-with-dsym";
				FRAMEWORK_SEARCH_PATHS = (
					"$(inherited)",
					"\"$(SRCROOT)/build/Debug\"",
				);
				GCC_MODEL_TUNING = G5;
				GCC_PRECOMPILE_PREFIX_HEADER = YES;
				GCC_PREFIX_HEADER = MPOAuthConnection_Prefix.pch;
				INFOPLIST_FILE = Info.plist;
				INSTALL_PATH = "$(HOME)/Applications";
				PRODUCT_NAME = MPOAuthConnection;
			};
			name = Release;
		};
		C01FCF4F08A954540054247B /* Debug */ = {
			isa = XCBuildConfiguration;
			buildSettings = {
				ARCHS = "$(ARCHS_STANDARD_32_BIT)";
				GCC_C_LANGUAGE_STANDARD = c99;
				GCC_OPTIMIZATION_LEVEL = 0;
				GCC_WARN_ABOUT_RETURN_TYPE = YES;
				GCC_WARN_UNUSED_VARIABLE = YES;
				ONLY_ACTIVE_ARCH = YES;
				PREBINDING = NO;
				SDKROOT = macosx10.5;
			};
			name = Debug;
		};
		C01FCF5008A954540054247B /* Release */ = {
			isa = XCBuildConfiguration;
			buildSettings = {
				ARCHS = "$(ARCHS_STANDARD_32_BIT)";
				GCC_C_LANGUAGE_STANDARD = c99;
				GCC_WARN_ABOUT_RETURN_TYPE = YES;
				GCC_WARN_UNUSED_VARIABLE = YES;
				PREBINDING = NO;
				SDKROOT = macosx10.5;
			};
			name = Release;
		};
		CB920E2A0EF3D02800A89BBD /* Debug */ = {
			isa = XCBuildConfiguration;
			buildSettings = {
				ALWAYS_SEARCH_USER_PATHS = NO;
				COPY_PHASE_STRIP = NO;
				DYLIB_COMPATIBILITY_VERSION = 1;
				DYLIB_CURRENT_VERSION = 1;
				FRAMEWORK_SEARCH_PATHS = (
					"$(inherited)",
					"\"$(SRCROOT)/build/Debug\"",
				);
				FRAMEWORK_VERSION = A;
				GCC_DYNAMIC_NO_PIC = NO;
				GCC_ENABLE_FIX_AND_CONTINUE = YES;
				GCC_MODEL_TUNING = G5;
				GCC_OPTIMIZATION_LEVEL = 0;
				GCC_PRECOMPILE_PREFIX_HEADER = YES;
				GCC_PREFIX_HEADER = MPOAuthConnection_Prefix.pch;
				INFOPLIST_FILE = "MPOAuth-Info.plist";
				INSTALL_PATH = "@executable_path/../Frameworks";
				OTHER_LDFLAGS = (
					"-framework",
					Foundation,
					"-framework",
					AppKit,
				);
				PREBINDING = NO;
				PRODUCT_NAME = MPOAuth;
			};
			name = Debug;
		};
		CB920E2B0EF3D02800A89BBD /* Release */ = {
			isa = XCBuildConfiguration;
			buildSettings = {
				ALWAYS_SEARCH_USER_PATHS = NO;
				COPY_PHASE_STRIP = YES;
				DEBUG_INFORMATION_FORMAT = "dwarf-with-dsym";
				DYLIB_COMPATIBILITY_VERSION = 1;
				DYLIB_CURRENT_VERSION = 1;
				FRAMEWORK_SEARCH_PATHS = (
					"$(inherited)",
					"\"$(SRCROOT)/build/Debug\"",
				);
				FRAMEWORK_VERSION = A;
				GCC_ENABLE_FIX_AND_CONTINUE = NO;
				GCC_MODEL_TUNING = G5;
				GCC_PRECOMPILE_PREFIX_HEADER = YES;
				GCC_PREFIX_HEADER = "$(SYSTEM_LIBRARY_DIR)/Frameworks/AppKit.framework/Headers/AppKit.h";
				INFOPLIST_FILE = "MPOAuth-Info.plist";
				INSTALL_PATH = "$(HOME)/Library/Frameworks";
				OTHER_LDFLAGS = (
					"-framework",
					Foundation,
					"-framework",
					AppKit,
				);
				PREBINDING = NO;
				PRODUCT_NAME = MPOAuth;
				ZERO_LINK = NO;
			};
			name = Release;
		};
/* End XCBuildConfiguration section */

/* Begin XCConfigurationList section */
		C01FCF4A08A954540054247B /* Build configuration list for PBXNativeTarget "MPOAuthConnection" */ = {
			isa = XCConfigurationList;
			buildConfigurations = (
				C01FCF4B08A954540054247B /* Debug */,
				C01FCF4C08A954540054247B /* Release */,
			);
			defaultConfigurationIsVisible = 0;
			defaultConfigurationName = Release;
		};
		C01FCF4E08A954540054247B /* Build configuration list for PBXProject "MPOAuthConnection" */ = {
			isa = XCConfigurationList;
			buildConfigurations = (
				C01FCF4F08A954540054247B /* Debug */,
				C01FCF5008A954540054247B /* Release */,
			);
			defaultConfigurationIsVisible = 0;
			defaultConfigurationName = Release;
		};
		CB920E2C0EF3D02800A89BBD /* Build configuration list for PBXNativeTarget "MPOAuth" */ = {
			isa = XCConfigurationList;
			buildConfigurations = (
				CB920E2A0EF3D02800A89BBD /* Debug */,
				CB920E2B0EF3D02800A89BBD /* Release */,
			);
			defaultConfigurationIsVisible = 0;
			defaultConfigurationName = Release;
		};
/* End XCConfigurationList section */
	};
	rootObject = 29B97313FDCFA39411CA2CEA /* Project object */;
}
