// !$*UTF8*$!
{
	archiveVersion = 1;
	classes = {
	};
	objectVersion = 45;
	objects = {

/* Begin PBXBuildFile section */
		1DDD58160DA1D0A300B32029 /* MainMenu.xib in Resources */ = {isa = PBXBuildFile; fileRef = 1DDD58140DA1D0A300B32029 /* MainMenu.xib */; };
		8D11072B0486CEB800E47090 /* InfoPlist.strings in Resources */ = {isa = PBXBuildFile; fileRef = 089C165CFE840E0CC02AAC07 /* InfoPlist.strings */; };
		8D11072D0486CEB800E47090 /* main.m in Sources */ = {isa = PBXBuildFile; fileRef = 29B97316FDCFA39411CA2CEA /* main.m */; settings = {ATTRIBUTES = (); }; };
		8D11072F0486CEB800E47090 /* Cocoa.framework in Frameworks */ = {isa = PBXBuildFile; fileRef = 1058C7A1FEA54F0111CA2CBB /* Cocoa.framework */; };
		CB12B3150F32A07100054573 /* NSString+URLAdditionsTests.m in Sources */ = {isa = PBXBuildFile; fileRef = CB12B3140F32A07100054573 /* NSString+URLAdditionsTests.m */; };
		CB1C1DB20EFB3C0B00B306A3 /* MPOAuthParameterFactoryTests.m in Sources */ = {isa = PBXBuildFile; fileRef = CB1C1DB10EFB3C0B00B306A3 /* MPOAuthParameterFactoryTests.m */; };
		CB1C1E2B0EFB739900B306A3 /* OATestServer.rb in Resources */ = {isa = PBXBuildFile; fileRef = CB1C1E2A0EFB739900B306A3 /* OATestServer.rb */; };
		CB1C1E2E0EFB73FC00B306A3 /* MPOAuthAPIRequestLoaderTests.m in Sources */ = {isa = PBXBuildFile; fileRef = CB1C1E2D0EFB73FC00B306A3 /* MPOAuthAPIRequestLoaderTests.m */; };
		CB437A6D0F30535B00FF1798 /* oauthAutoConfig.plist in Resources */ = {isa = PBXBuildFile; fileRef = CB437A6C0F30535B00FF1798 /* oauthAutoConfig.plist */; };
		CB920E2D0EF3D04B00A89BBD /* NSURL+MPURLParameterAdditions.m in Sources */ = {isa = PBXBuildFile; fileRef = CB946B980EEE179A00493DCC /* NSURL+MPURLParameterAdditions.m */; };
		CB920E2E0EF3D04B00A89BBD /* NSURLResponse+Encoding.m in Sources */ = {isa = PBXBuildFile; fileRef = CBDC71890EEA4AC8008C4B9B /* NSURLResponse+Encoding.m */; };
		CB920E2F0EF3D04B00A89BBD /* NSString+URLEscapingAdditions.m in Sources */ = {isa = PBXBuildFile; fileRef = CB6EC2650EEC70790012512C /* NSString+URLEscapingAdditions.m */; };
		CB920E300EF3D04B00A89BBD /* Base64Transcoder.c in Sources */ = {isa = PBXBuildFile; fileRef = CB6EC3C60EED02C60012512C /* Base64Transcoder.c */; };
		CB920E310EF3D04B00A89BBD /* hmac.c in Sources */ = {isa = PBXBuildFile; fileRef = CB6EC3C80EED02C60012512C /* hmac.c */; };
		CB920E320EF3D04B00A89BBD /* sha1.c in Sources */ = {isa = PBXBuildFile; fileRef = CB6EC3CA0EED02C60012512C /* sha1.c */; };
		CB920E330EF3D04B00A89BBD /* MPOAuthCredentialConcreteStore.m in Sources */ = {isa = PBXBuildFile; fileRef = CB920CF00EF2412B00A89BBD /* MPOAuthCredentialConcreteStore.m */; };
		CB920E340EF3D04B00A89BBD /* MPOAuthAPI.m in Sources */ = {isa = PBXBuildFile; fileRef = CBDC70590EEA04B9008C4B9B /* MPOAuthAPI.m */; };
		CB920E350EF3D04B00A89BBD /* MPOAuthAPIRequestLoader.m in Sources */ = {isa = PBXBuildFile; fileRef = CBDC708B0EEA28AA008C4B9B /* MPOAuthAPIRequestLoader.m */; };
		CB920E360EF3D04B00A89BBD /* MPOAuthConnection.m in Sources */ = {isa = PBXBuildFile; fileRef = CBDC70560EE9FCBB008C4B9B /* MPOAuthConnection.m */; };
		CB920E370EF3D04B00A89BBD /* MPOAuthURLRequest.m in Sources */ = {isa = PBXBuildFile; fileRef = CBDC70720EEA0F0A008C4B9B /* MPOAuthURLRequest.m */; };
		CB920E380EF3D04B00A89BBD /* MPOAuthURLResponse.m in Sources */ = {isa = PBXBuildFile; fileRef = CBDC715E0EEA453C008C4B9B /* MPOAuthURLResponse.m */; };
		CB920E390EF3D04B00A89BBD /* MPOAuthSignatureParameter.m in Sources */ = {isa = PBXBuildFile; fileRef = CB6EC3700EECE9030012512C /* MPOAuthSignatureParameter.m */; };
		CB920E3A0EF3D04B00A89BBD /* MPURLRequestParameter.m in Sources */ = {isa = PBXBuildFile; fileRef = CBDC70830EEA2680008C4B9B /* MPURLRequestParameter.m */; };
		CB920E3C0EF3D0B000A89BBD /* MPOAuthCredentialStore.h in Headers */ = {isa = PBXBuildFile; fileRef = CBDC72300EEB451A008C4B9B /* MPOAuthCredentialStore.h */; settings = {ATTRIBUTES = (Public, ); }; };
		CB920E3E0EF3D0B000A89BBD /* MPOAuthAPI.h in Headers */ = {isa = PBXBuildFile; fileRef = CBDC70580EEA04B9008C4B9B /* MPOAuthAPI.h */; settings = {ATTRIBUTES = (Public, ); }; };
		CB920E3F0EF3D0B000A89BBD /* MPOAuthAPIRequestLoader.h in Headers */ = {isa = PBXBuildFile; fileRef = CBDC708A0EEA28AA008C4B9B /* MPOAuthAPIRequestLoader.h */; settings = {ATTRIBUTES = (Public, ); }; };
		CB920E400EF3D0B000A89BBD /* MPOAuthConnection.h in Headers */ = {isa = PBXBuildFile; fileRef = CBDC70550EE9FCBB008C4B9B /* MPOAuthConnection.h */; settings = {ATTRIBUTES = (Public, ); }; };
		CB920E410EF3D0B000A89BBD /* MPOAuthURLRequest.h in Headers */ = {isa = PBXBuildFile; fileRef = CBDC70710EEA0F0A008C4B9B /* MPOAuthURLRequest.h */; settings = {ATTRIBUTES = (Public, ); }; };
		CB920E420EF3D0B000A89BBD /* MPOAuthURLResponse.h in Headers */ = {isa = PBXBuildFile; fileRef = CBDC715D0EEA453C008C4B9B /* MPOAuthURLResponse.h */; settings = {ATTRIBUTES = (Public, ); }; };
		CB920E450EF3D0C500A89BBD /* MPOAuthParameterFactory.h in Headers */ = {isa = PBXBuildFile; fileRef = CBDC72420EEB4AC0008C4B9B /* MPOAuthParameterFactory.h */; settings = {ATTRIBUTES = (Public, ); }; };
		CB920E6E0EF3D17C00A89BBD /* Security.framework in Frameworks */ = {isa = PBXBuildFile; fileRef = CB920C750EF2397300A89BBD /* Security.framework */; };
		CB920E720EF3D1E700A89BBD /* MPOAuth.h in Headers */ = {isa = PBXBuildFile; fileRef = CB920E700EF3D1E700A89BBD /* MPOAuth.h */; settings = {ATTRIBUTES = (Public, ); }; };
		CB920ED60EF3DFFE00A89BBD /* MPOAuth.framework in Frameworks */ = {isa = PBXBuildFile; fileRef = CB920E280EF3D02600A89BBD /* MPOAuth.framework */; };
		CB920EDA0EF3E01900A89BBD /* MPOAuth.framework in CopyFiles */ = {isa = PBXBuildFile; fileRef = CB920E280EF3D02600A89BBD /* MPOAuth.framework */; };
		CB9215970EF75E5900A89BBD /* MPURLRequestParameter.h in Headers */ = {isa = PBXBuildFile; fileRef = CBDC70820EEA2680008C4B9B /* MPURLRequestParameter.h */; settings = {ATTRIBUTES = (Public, ); }; };
		CBCC973E0F3D56AD00DBEF2D /* MPDebug.h in Headers */ = {isa = PBXBuildFile; fileRef = CBCC973D0F3D56AD00DBEF2D /* MPDebug.h */; };
		CBDC70910EEA338C008C4B9B /* OAuthClientController.m in Sources */ = {isa = PBXBuildFile; fileRef = CBDC70900EEA338C008C4B9B /* OAuthClientController.m */; };
		CBE7155E0EFAB2BF00EF25AA /* MPOAuthAPI+KeychainAdditions.h in Headers */ = {isa = PBXBuildFile; fileRef = CBE7155B0EFAB2BF00EF25AA /* MPOAuthAPI+KeychainAdditions.h */; };
		CBE7155F0EFAB2BF00EF25AA /* MPOAuthAPI+KeychainAdditionsiPhone.m in Sources */ = {isa = PBXBuildFile; fileRef = CBE7155C0EFAB2BF00EF25AA /* MPOAuthAPI+KeychainAdditionsiPhone.m */; };
		CBE715600EFAB2BF00EF25AA /* MPOAuthAPI+KeychainAdditionsMac.m in Sources */ = {isa = PBXBuildFile; fileRef = CBE7155D0EFAB2BF00EF25AA /* MPOAuthAPI+KeychainAdditionsMac.m */; };
		CBE7158B0EFAC30D00EF25AA /* MPOAuthAPIKeychainTests.m in Sources */ = {isa = PBXBuildFile; fileRef = CBE7158A0EFAC30D00EF25AA /* MPOAuthAPIKeychainTests.m */; };
		CBE715A30EFAC71600EF25AA /* MPOAuth.framework in Frameworks */ = {isa = PBXBuildFile; fileRef = CB920E280EF3D02600A89BBD /* MPOAuth.framework */; };
		CBE715CB0EFAC8DC00EF25AA /* MPURLRequestParameterTests.m in Sources */ = {isa = PBXBuildFile; fileRef = CBE715CA0EFAC8DC00EF25AA /* MPURLRequestParameterTests.m */; };
		CBE715DC0EFACB1100EF25AA /* MPOAuthURLRequestTests.m in Sources */ = {isa = PBXBuildFile; fileRef = CBE715DB0EFACB1100EF25AA /* MPOAuthURLRequestTests.m */; };
		CBE715E00EFACBD300EF25AA /* MPOAuthSignatureParameterTests.m in Sources */ = {isa = PBXBuildFile; fileRef = CBE715DF0EFACBD300EF25AA /* MPOAuthSignatureParameterTests.m */; };
/* End PBXBuildFile section */

/* Begin PBXContainerItemProxy section */
		CB920E750EF3D46000A89BBD /* PBXContainerItemProxy */ = {
			isa = PBXContainerItemProxy;
			containerPortal = 29B97313FDCFA39411CA2CEA /* Project object */;
			proxyType = 1;
			remoteGlobalIDString = CB920E270EF3D02600A89BBD;
			remoteInfo = MPOAuth;
		};
		CBE715840EFAC05900EF25AA /* PBXContainerItemProxy */ = {
			isa = PBXContainerItemProxy;
			containerPortal = 29B97313FDCFA39411CA2CEA /* Project object */;
			proxyType = 1;
			remoteGlobalIDString = CB920E270EF3D02600A89BBD;
			remoteInfo = MPOAuth;
		};
		CBE715920EFAC36200EF25AA /* PBXContainerItemProxy */ = {
			isa = PBXContainerItemProxy;
			containerPortal = 29B97313FDCFA39411CA2CEA /* Project object */;
			proxyType = 1;
			remoteGlobalIDString = CBE7157E0EFAC03300EF25AA;
			remoteInfo = "Unit Tests";
		};
/* End PBXContainerItemProxy section */

/* Begin PBXCopyFilesBuildPhase section */
		CB920EB30EF3D69100A89BBD /* CopyFiles */ = {
			isa = PBXCopyFilesBuildPhase;
			buildActionMask = 2147483647;
			dstPath = "";
			dstSubfolderSpec = 10;
			files = (
				CB920EDA0EF3E01900A89BBD /* MPOAuth.framework in CopyFiles */,
			);
			runOnlyForDeploymentPostprocessing = 0;
		};
/* End PBXCopyFilesBuildPhase section */

/* Begin PBXFileReference section */
		089C165DFE840E0CC02AAC07 /* English */ = {isa = PBXFileReference; fileEncoding = 10; lastKnownFileType = text.plist.strings; name = English; path = English.lproj/InfoPlist.strings; sourceTree = "<group>"; };
		1058C7A1FEA54F0111CA2CBB /* Cocoa.framework */ = {isa = PBXFileReference; lastKnownFileType = wrapper.framework; name = Cocoa.framework; path = /System/Library/Frameworks/Cocoa.framework; sourceTree = "<absolute>"; };
		13E42FB307B3F0F600E4EEF1 /* CoreData.framework */ = {isa = PBXFileReference; lastKnownFileType = wrapper.framework; name = CoreData.framework; path = /System/Library/Frameworks/CoreData.framework; sourceTree = "<absolute>"; };
		1DDD58150DA1D0A300B32029 /* English */ = {isa = PBXFileReference; lastKnownFileType = file.xib; name = English; path = English.lproj/MainMenu.xib; sourceTree = "<group>"; };
		29B97316FDCFA39411CA2CEA /* main.m */ = {isa = PBXFileReference; fileEncoding = 4; lastKnownFileType = sourcecode.c.objc; name = main.m; path = "Source/Test App/main.m"; sourceTree = "<group>"; };
		29B97324FDCFA39411CA2CEA /* AppKit.framework */ = {isa = PBXFileReference; lastKnownFileType = wrapper.framework; name = AppKit.framework; path = /System/Library/Frameworks/AppKit.framework; sourceTree = "<absolute>"; };
		29B97325FDCFA39411CA2CEA /* Foundation.framework */ = {isa = PBXFileReference; lastKnownFileType = wrapper.framework; name = Foundation.framework; path = /System/Library/Frameworks/Foundation.framework; sourceTree = "<absolute>"; };
		32CA4F630368D1EE00C91783 /* MPOAuthConnection_Prefix.pch */ = {isa = PBXFileReference; fileEncoding = 4; lastKnownFileType = sourcecode.c.h; path = MPOAuthConnection_Prefix.pch; sourceTree = "<group>"; };
		8D1107310486CEB800E47090 /* Info.plist */ = {isa = PBXFileReference; fileEncoding = 4; lastKnownFileType = text.plist.xml; path = Info.plist; sourceTree = "<group>"; };
		8D1107320486CEB800E47090 /* MPOAuthConnection.app */ = {isa = PBXFileReference; explicitFileType = wrapper.application; includeInIndex = 0; path = MPOAuthConnection.app; sourceTree = BUILT_PRODUCTS_DIR; };
		CB12B3130F32A07100054573 /* NSString+URLAdditionsTests.h */ = {isa = PBXFileReference; fileEncoding = 4; lastKnownFileType = sourcecode.c.h; path = "NSString+URLAdditionsTests.h"; sourceTree = "<group>"; };
		CB12B3140F32A07100054573 /* NSString+URLAdditionsTests.m */ = {isa = PBXFileReference; fileEncoding = 4; lastKnownFileType = sourcecode.c.objc; path = "NSString+URLAdditionsTests.m"; sourceTree = "<group>"; };
		CB1C1DB00EFB3C0B00B306A3 /* MPOAuthParameterFactoryTests.h */ = {isa = PBXFileReference; fileEncoding = 4; lastKnownFileType = sourcecode.c.h; path = MPOAuthParameterFactoryTests.h; sourceTree = "<group>"; };
		CB1C1DB10EFB3C0B00B306A3 /* MPOAuthParameterFactoryTests.m */ = {isa = PBXFileReference; fileEncoding = 4; lastKnownFileType = sourcecode.c.objc; path = MPOAuthParameterFactoryTests.m; sourceTree = "<group>"; };
		CB1C1E2A0EFB739900B306A3 /* OATestServer.rb */ = {isa = PBXFileReference; fileEncoding = 4; lastKnownFileType = text.script.ruby; path = OATestServer.rb; sourceTree = "<group>"; };
		CB1C1E2C0EFB73FC00B306A3 /* MPOAuthAPIRequestLoaderTests.h */ = {isa = PBXFileReference; fileEncoding = 4; lastKnownFileType = sourcecode.c.h; path = MPOAuthAPIRequestLoaderTests.h; sourceTree = "<group>"; };
		CB1C1E2D0EFB73FC00B306A3 /* MPOAuthAPIRequestLoaderTests.m */ = {isa = PBXFileReference; fileEncoding = 4; lastKnownFileType = sourcecode.c.objc; path = MPOAuthAPIRequestLoaderTests.m; sourceTree = "<group>"; };
		CB437A6C0F30535B00FF1798 /* oauthAutoConfig.plist */ = {isa = PBXFileReference; fileEncoding = 4; lastKnownFileType = text.plist.xml; name = oauthAutoConfig.plist; path = Resources/oauthAutoConfig.plist; sourceTree = SOURCE_ROOT; };
		CB6EC2640EEC70790012512C /* NSString+URLEscapingAdditions.h */ = {isa = PBXFileReference; fileEncoding = 4; lastKnownFileType = sourcecode.c.h; path = "NSString+URLEscapingAdditions.h"; sourceTree = "<group>"; };
		CB6EC2650EEC70790012512C /* NSString+URLEscapingAdditions.m */ = {isa = PBXFileReference; fileEncoding = 4; lastKnownFileType = sourcecode.c.objc; path = "NSString+URLEscapingAdditions.m"; sourceTree = "<group>"; };
		CB6EC36F0EECE9030012512C /* MPOAuthSignatureParameter.h */ = {isa = PBXFileReference; fileEncoding = 4; lastKnownFileType = sourcecode.c.h; path = MPOAuthSignatureParameter.h; sourceTree = "<group>"; };
		CB6EC3700EECE9030012512C /* MPOAuthSignatureParameter.m */ = {isa = PBXFileReference; fileEncoding = 4; lastKnownFileType = sourcecode.c.objc; path = MPOAuthSignatureParameter.m; sourceTree = "<group>"; };
		CB6EC3C60EED02C60012512C /* Base64Transcoder.c */ = {isa = PBXFileReference; fileEncoding = 4; lastKnownFileType = sourcecode.c.c; path = Base64Transcoder.c; sourceTree = "<group>"; };
		CB6EC3C70EED02C60012512C /* Base64Transcoder.h */ = {isa = PBXFileReference; fileEncoding = 4; lastKnownFileType = sourcecode.c.h; path = Base64Transcoder.h; sourceTree = "<group>"; };
		CB6EC3C80EED02C60012512C /* hmac.c */ = {isa = PBXFileReference; fileEncoding = 4; lastKnownFileType = sourcecode.c.c; path = hmac.c; sourceTree = "<group>"; };
		CB6EC3C90EED02C60012512C /* hmac.h */ = {isa = PBXFileReference; fileEncoding = 4; lastKnownFileType = sourcecode.c.h; path = hmac.h; sourceTree = "<group>"; };
		CB6EC3CA0EED02C60012512C /* sha1.c */ = {isa = PBXFileReference; fileEncoding = 4; lastKnownFileType = sourcecode.c.c; path = sha1.c; sourceTree = "<group>"; };
		CB6EC3CB0EED02C60012512C /* sha1.h */ = {isa = PBXFileReference; fileEncoding = 4; lastKnownFileType = sourcecode.c.h; path = sha1.h; sourceTree = "<group>"; };
		CB920C750EF2397300A89BBD /* Security.framework */ = {isa = PBXFileReference; lastKnownFileType = wrapper.framework; name = Security.framework; path = /System/Library/Frameworks/Security.framework; sourceTree = "<absolute>"; };
		CB920CEF0EF2412B00A89BBD /* MPOAuthCredentialConcreteStore.h */ = {isa = PBXFileReference; fileEncoding = 4; lastKnownFileType = sourcecode.c.h; path = MPOAuthCredentialConcreteStore.h; sourceTree = "<group>"; };
		CB920CF00EF2412B00A89BBD /* MPOAuthCredentialConcreteStore.m */ = {isa = PBXFileReference; fileEncoding = 4; lastKnownFileType = sourcecode.c.objc; path = MPOAuthCredentialConcreteStore.m; sourceTree = "<group>"; };
		CB920E280EF3D02600A89BBD /* MPOAuth.framework */ = {isa = PBXFileReference; explicitFileType = wrapper.framework; includeInIndex = 0; path = MPOAuth.framework; sourceTree = BUILT_PRODUCTS_DIR; };
		CB920E290EF3D02600A89BBD /* MPOAuth-Info.plist */ = {isa = PBXFileReference; lastKnownFileType = text.plist.xml; path = "MPOAuth-Info.plist"; sourceTree = "<group>"; };
		CB920E700EF3D1E700A89BBD /* MPOAuth.h */ = {isa = PBXFileReference; fileEncoding = 4; lastKnownFileType = sourcecode.c.h; path = MPOAuth.h; sourceTree = "<group>"; };
		CB946B970EEE179A00493DCC /* NSURL+MPURLParameterAdditions.h */ = {isa = PBXFileReference; fileEncoding = 4; lastKnownFileType = sourcecode.c.h; path = "NSURL+MPURLParameterAdditions.h"; sourceTree = "<group>"; };
		CB946B980EEE179A00493DCC /* NSURL+MPURLParameterAdditions.m */ = {isa = PBXFileReference; fileEncoding = 4; lastKnownFileType = sourcecode.c.objc; path = "NSURL+MPURLParameterAdditions.m"; sourceTree = "<group>"; };
		CBCC973D0F3D56AD00DBEF2D /* MPDebug.h */ = {isa = PBXFileReference; fileEncoding = 4; lastKnownFileType = sourcecode.c.h; path = MPDebug.h; sourceTree = "<group>"; };
		CBDC70550EE9FCBB008C4B9B /* MPOAuthConnection.h */ = {isa = PBXFileReference; fileEncoding = 4; lastKnownFileType = sourcecode.c.h; path = MPOAuthConnection.h; sourceTree = "<group>"; };
		CBDC70560EE9FCBB008C4B9B /* MPOAuthConnection.m */ = {isa = PBXFileReference; fileEncoding = 4; lastKnownFileType = sourcecode.c.objc; path = MPOAuthConnection.m; sourceTree = "<group>"; };
		CBDC70580EEA04B9008C4B9B /* MPOAuthAPI.h */ = {isa = PBXFileReference; fileEncoding = 4; lastKnownFileType = sourcecode.c.h; path = MPOAuthAPI.h; sourceTree = "<group>"; };
		CBDC70590EEA04B9008C4B9B /* MPOAuthAPI.m */ = {isa = PBXFileReference; fileEncoding = 4; lastKnownFileType = sourcecode.c.objc; path = MPOAuthAPI.m; sourceTree = "<group>"; };
		CBDC70710EEA0F0A008C4B9B /* MPOAuthURLRequest.h */ = {isa = PBXFileReference; fileEncoding = 4; lastKnownFileType = sourcecode.c.h; path = MPOAuthURLRequest.h; sourceTree = "<group>"; };
		CBDC70720EEA0F0A008C4B9B /* MPOAuthURLRequest.m */ = {isa = PBXFileReference; fileEncoding = 4; lastKnownFileType = sourcecode.c.objc; path = MPOAuthURLRequest.m; sourceTree = "<group>"; };
		CBDC70820EEA2680008C4B9B /* MPURLRequestParameter.h */ = {isa = PBXFileReference; fileEncoding = 4; lastKnownFileType = sourcecode.c.h; path = MPURLRequestParameter.h; sourceTree = "<group>"; };
		CBDC70830EEA2680008C4B9B /* MPURLRequestParameter.m */ = {isa = PBXFileReference; fileEncoding = 4; lastKnownFileType = sourcecode.c.objc; path = MPURLRequestParameter.m; sourceTree = "<group>"; };
		CBDC708A0EEA28AA008C4B9B /* MPOAuthAPIRequestLoader.h */ = {isa = PBXFileReference; fileEncoding = 4; lastKnownFileType = sourcecode.c.h; path = MPOAuthAPIRequestLoader.h; sourceTree = "<group>"; };
		CBDC708B0EEA28AA008C4B9B /* MPOAuthAPIRequestLoader.m */ = {isa = PBXFileReference; fileEncoding = 4; lastKnownFileType = sourcecode.c.objc; path = MPOAuthAPIRequestLoader.m; sourceTree = "<group>"; };
		CBDC708F0EEA338C008C4B9B /* OAuthClientController.h */ = {isa = PBXFileReference; fileEncoding = 4; lastKnownFileType = sourcecode.c.h; path = OAuthClientController.h; sourceTree = "<group>"; };
		CBDC70900EEA338C008C4B9B /* OAuthClientController.m */ = {isa = PBXFileReference; fileEncoding = 4; lastKnownFileType = sourcecode.c.objc; path = OAuthClientController.m; sourceTree = "<group>"; };
		CBDC715D0EEA453C008C4B9B /* MPOAuthURLResponse.h */ = {isa = PBXFileReference; fileEncoding = 4; lastKnownFileType = sourcecode.c.h; path = MPOAuthURLResponse.h; sourceTree = "<group>"; };
		CBDC715E0EEA453C008C4B9B /* MPOAuthURLResponse.m */ = {isa = PBXFileReference; fileEncoding = 4; lastKnownFileType = sourcecode.c.objc; path = MPOAuthURLResponse.m; sourceTree = "<group>"; };
		CBDC71880EEA4AC8008C4B9B /* NSURLResponse+Encoding.h */ = {isa = PBXFileReference; fileEncoding = 4; lastKnownFileType = sourcecode.c.h; path = "NSURLResponse+Encoding.h"; sourceTree = "<group>"; };
		CBDC71890EEA4AC8008C4B9B /* NSURLResponse+Encoding.m */ = {isa = PBXFileReference; fileEncoding = 4; lastKnownFileType = sourcecode.c.objc; path = "NSURLResponse+Encoding.m"; sourceTree = "<group>"; };
		CBDC72300EEB451A008C4B9B /* MPOAuthCredentialStore.h */ = {isa = PBXFileReference; fileEncoding = 4; lastKnownFileType = sourcecode.c.h; path = MPOAuthCredentialStore.h; sourceTree = "<group>"; };
		CBDC72420EEB4AC0008C4B9B /* MPOAuthParameterFactory.h */ = {isa = PBXFileReference; fileEncoding = 4; lastKnownFileType = sourcecode.c.h; path = MPOAuthParameterFactory.h; sourceTree = "<group>"; };
		CBE7155B0EFAB2BF00EF25AA /* MPOAuthAPI+KeychainAdditions.h */ = {isa = PBXFileReference; fileEncoding = 4; lastKnownFileType = sourcecode.c.h; path = "MPOAuthAPI+KeychainAdditions.h"; sourceTree = "<group>"; };
		CBE7155C0EFAB2BF00EF25AA /* MPOAuthAPI+KeychainAdditionsiPhone.m */ = {isa = PBXFileReference; fileEncoding = 4; lastKnownFileType = sourcecode.c.objc; path = "MPOAuthAPI+KeychainAdditionsiPhone.m"; sourceTree = "<group>"; };
		CBE7155D0EFAB2BF00EF25AA /* MPOAuthAPI+KeychainAdditionsMac.m */ = {isa = PBXFileReference; fileEncoding = 4; lastKnownFileType = sourcecode.c.objc; path = "MPOAuthAPI+KeychainAdditionsMac.m"; sourceTree = "<group>"; };
		CBE7157F0EFAC03300EF25AA /* Unit Tests.octest */ = {isa = PBXFileReference; explicitFileType = wrapper.cfbundle; includeInIndex = 0; path = "Unit Tests.octest"; sourceTree = BUILT_PRODUCTS_DIR; };
		CBE715800EFAC03300EF25AA /* Unit Tests-Info.plist */ = {isa = PBXFileReference; lastKnownFileType = text.plist.xml; path = "Unit Tests-Info.plist"; sourceTree = "<group>"; };
		CBE715890EFAC30D00EF25AA /* MPOAuthAPIKeychainTests.h */ = {isa = PBXFileReference; fileEncoding = 4; lastKnownFileType = sourcecode.c.h; path = MPOAuthAPIKeychainTests.h; sourceTree = "<group>"; };
		CBE7158A0EFAC30D00EF25AA /* MPOAuthAPIKeychainTests.m */ = {isa = PBXFileReference; fileEncoding = 4; lastKnownFileType = sourcecode.c.objc; path = MPOAuthAPIKeychainTests.m; sourceTree = "<group>"; };
		CBE715C90EFAC8DC00EF25AA /* MPURLRequestParameterTests.h */ = {isa = PBXFileReference; fileEncoding = 4; lastKnownFileType = sourcecode.c.h; path = MPURLRequestParameterTests.h; sourceTree = "<group>"; };
		CBE715CA0EFAC8DC00EF25AA /* MPURLRequestParameterTests.m */ = {isa = PBXFileReference; fileEncoding = 4; lastKnownFileType = sourcecode.c.objc; path = MPURLRequestParameterTests.m; sourceTree = "<group>"; };
		CBE715DA0EFACB1100EF25AA /* MPOAuthURLRequestTests.h */ = {isa = PBXFileReference; fileEncoding = 4; lastKnownFileType = sourcecode.c.h; path = MPOAuthURLRequestTests.h; sourceTree = "<group>"; };
		CBE715DB0EFACB1100EF25AA /* MPOAuthURLRequestTests.m */ = {isa = PBXFileReference; fileEncoding = 4; lastKnownFileType = sourcecode.c.objc; path = MPOAuthURLRequestTests.m; sourceTree = "<group>"; };
		CBE715DE0EFACBD300EF25AA /* MPOAuthSignatureParameterTests.h */ = {isa = PBXFileReference; fileEncoding = 4; lastKnownFileType = sourcecode.c.h; path = MPOAuthSignatureParameterTests.h; sourceTree = "<group>"; };
		CBE715DF0EFACBD300EF25AA /* MPOAuthSignatureParameterTests.m */ = {isa = PBXFileReference; fileEncoding = 4; lastKnownFileType = sourcecode.c.objc; path = MPOAuthSignatureParameterTests.m; sourceTree = "<group>"; };
/* End PBXFileReference section */

/* Begin PBXFrameworksBuildPhase section */
		8D11072E0486CEB800E47090 /* Frameworks */ = {
			isa = PBXFrameworksBuildPhase;
			buildActionMask = 2147483647;
			files = (
				8D11072F0486CEB800E47090 /* Cocoa.framework in Frameworks */,
				CB920ED60EF3DFFE00A89BBD /* MPOAuth.framework in Frameworks */,
			);
			runOnlyForDeploymentPostprocessing = 0;
		};
		CB920E260EF3D02600A89BBD /* Frameworks */ = {
			isa = PBXFrameworksBuildPhase;
			buildActionMask = 2147483647;
			files = (
				CB920E6E0EF3D17C00A89BBD /* Security.framework in Frameworks */,
			);
			runOnlyForDeploymentPostprocessing = 0;
		};
		CBE7157C0EFAC03300EF25AA /* Frameworks */ = {
			isa = PBXFrameworksBuildPhase;
			buildActionMask = 2147483647;
			files = (
				CBE715A30EFAC71600EF25AA /* MPOAuth.framework in Frameworks */,
			);
			runOnlyForDeploymentPostprocessing = 0;
		};
/* End PBXFrameworksBuildPhase section */

/* Begin PBXGroup section */
		080E96DDFE201D6D7F000001 /* Source */ = {
			isa = PBXGroup;
			children = (
				CBDC70920EEA3393008C4B9B /* Test App */,
				CBDC70740EEA0F4D008C4B9B /* Framework */,
				CBE715860EFAC15D00EF25AA /* Unit Tests */,
			);
			path = Source;
			sourceTree = "<group>";
		};
		1058C7A0FEA54F0111CA2CBB /* Linked Frameworks */ = {
			isa = PBXGroup;
			children = (
				1058C7A1FEA54F0111CA2CBB /* Cocoa.framework */,
				CB920C750EF2397300A89BBD /* Security.framework */,
			);
			name = "Linked Frameworks";
			sourceTree = "<group>";
		};
		1058C7A2FEA54F0111CA2CBB /* Other Frameworks */ = {
			isa = PBXGroup;
			children = (
				29B97324FDCFA39411CA2CEA /* AppKit.framework */,
				13E42FB307B3F0F600E4EEF1 /* CoreData.framework */,
				29B97325FDCFA39411CA2CEA /* Foundation.framework */,
			);
			name = "Other Frameworks";
			sourceTree = "<group>";
		};
		19C28FACFE9D520D11CA2CBB /* Products */ = {
			isa = PBXGroup;
			children = (
				8D1107320486CEB800E47090 /* MPOAuthConnection.app */,
				CB920E280EF3D02600A89BBD /* MPOAuth.framework */,
				CBE7157F0EFAC03300EF25AA /* Unit Tests.octest */,
			);
			name = Products;
			sourceTree = "<group>";
		};
		29B97314FDCFA39411CA2CEA /* MPOAuthConnection */ = {
			isa = PBXGroup;
			children = (
				080E96DDFE201D6D7F000001 /* Source */,
				29B97315FDCFA39411CA2CEA /* Other Sources */,
				29B97317FDCFA39411CA2CEA /* Resources */,
				29B97323FDCFA39411CA2CEA /* Frameworks */,
				19C28FACFE9D520D11CA2CBB /* Products */,
				CB920E290EF3D02600A89BBD /* MPOAuth-Info.plist */,
				CBE715800EFAC03300EF25AA /* Unit Tests-Info.plist */,
			);
			name = MPOAuthConnection;
			sourceTree = "<group>";
		};
		29B97315FDCFA39411CA2CEA /* Other Sources */ = {
			isa = PBXGroup;
			children = (
				32CA4F630368D1EE00C91783 /* MPOAuthConnection_Prefix.pch */,
				29B97316FDCFA39411CA2CEA /* main.m */,
			);
			name = "Other Sources";
			sourceTree = "<group>";
		};
		29B97317FDCFA39411CA2CEA /* Resources */ = {
			isa = PBXGroup;
			children = (
				8D1107310486CEB800E47090 /* Info.plist */,
				089C165CFE840E0CC02AAC07 /* InfoPlist.strings */,
				1DDD58140DA1D0A300B32029 /* MainMenu.xib */,
			);
			name = Resources;
			sourceTree = "<group>";
		};
		29B97323FDCFA39411CA2CEA /* Frameworks */ = {
			isa = PBXGroup;
			children = (
				1058C7A0FEA54F0111CA2CBB /* Linked Frameworks */,
				1058C7A2FEA54F0111CA2CBB /* Other Frameworks */,
			);
			name = Frameworks;
			sourceTree = "<group>";
		};
		CB437A620F30531200FF1798 /* Resources */ = {
			isa = PBXGroup;
			children = (
				CB437A6C0F30535B00FF1798 /* oauthAutoConfig.plist */,
			);
			name = Resources;
			sourceTree = "<group>";
		};
		CB6EC3C50EED02C60012512C /* Crypto */ = {
			isa = PBXGroup;
			children = (
				CB6EC3C60EED02C60012512C /* Base64Transcoder.c */,
				CB6EC3C70EED02C60012512C /* Base64Transcoder.h */,
				CB6EC3C80EED02C60012512C /* hmac.c */,
				CB6EC3C90EED02C60012512C /* hmac.h */,
				CB6EC3CA0EED02C60012512C /* sha1.c */,
				CB6EC3CB0EED02C60012512C /* sha1.h */,
			);
			path = Crypto;
			sourceTree = "<group>";
		};
		CBDC70740EEA0F4D008C4B9B /* Framework */ = {
			isa = PBXGroup;
			children = (
				CB920E700EF3D1E700A89BBD /* MPOAuth.h */,
				CBDC70580EEA04B9008C4B9B /* MPOAuthAPI.h */,
				CBDC70590EEA04B9008C4B9B /* MPOAuthAPI.m */,
				CBCC973D0F3D56AD00DBEF2D /* MPDebug.h */,
				CB437A620F30531200FF1798 /* Resources */,
				CBDC70770EEA11D1008C4B9B /* Additions */,
				CB6EC3C50EED02C60012512C /* Crypto */,
				CBE7155B0EFAB2BF00EF25AA /* MPOAuthAPI+KeychainAdditions.h */,
				CBE7155C0EFAB2BF00EF25AA /* MPOAuthAPI+KeychainAdditionsiPhone.m */,
				CBE7155D0EFAB2BF00EF25AA /* MPOAuthAPI+KeychainAdditionsMac.m */,
				CBDC708A0EEA28AA008C4B9B /* MPOAuthAPIRequestLoader.h */,
				CBDC708B0EEA28AA008C4B9B /* MPOAuthAPIRequestLoader.m */,
				CBDC72300EEB451A008C4B9B /* MPOAuthCredentialStore.h */,
				CBDC72420EEB4AC0008C4B9B /* MPOAuthParameterFactory.h */,
				CB920CEF0EF2412B00A89BBD /* MPOAuthCredentialConcreteStore.h */,
				CB920CF00EF2412B00A89BBD /* MPOAuthCredentialConcreteStore.m */,
				CBDC70550EE9FCBB008C4B9B /* MPOAuthConnection.h */,
				CBDC70560EE9FCBB008C4B9B /* MPOAuthConnection.m */,
				CBDC70710EEA0F0A008C4B9B /* MPOAuthURLRequest.h */,
				CBDC70720EEA0F0A008C4B9B /* MPOAuthURLRequest.m */,
				CBDC715D0EEA453C008C4B9B /* MPOAuthURLResponse.h */,
				CBDC715E0EEA453C008C4B9B /* MPOAuthURLResponse.m */,
				CB6EC36F0EECE9030012512C /* MPOAuthSignatureParameter.h */,
				CB6EC3700EECE9030012512C /* MPOAuthSignatureParameter.m */,
				CBDC70820EEA2680008C4B9B /* MPURLRequestParameter.h */,
				CBDC70830EEA2680008C4B9B /* MPURLRequestParameter.m */,
			);
			path = Framework;
			sourceTree = "<group>";
		};
		CBDC70770EEA11D1008C4B9B /* Additions */ = {
			isa = PBXGroup;
			children = (
				CB946B970EEE179A00493DCC /* NSURL+MPURLParameterAdditions.h */,
				CB946B980EEE179A00493DCC /* NSURL+MPURLParameterAdditions.m */,
				CBDC71880EEA4AC8008C4B9B /* NSURLResponse+Encoding.h */,
				CBDC71890EEA4AC8008C4B9B /* NSURLResponse+Encoding.m */,
				CB6EC2640EEC70790012512C /* NSString+URLEscapingAdditions.h */,
				CB6EC2650EEC70790012512C /* NSString+URLEscapingAdditions.m */,
			);
			name = Additions;
			sourceTree = "<group>";
		};
		CBDC70920EEA3393008C4B9B /* Test App */ = {
			isa = PBXGroup;
			children = (
				CBDC708F0EEA338C008C4B9B /* OAuthClientController.h */,
				CBDC70900EEA338C008C4B9B /* OAuthClientController.m */,
			);
			path = "Test App";
			sourceTree = "<group>";
		};
		CBE715860EFAC15D00EF25AA /* Unit Tests */ = {
			isa = PBXGroup;
			children = (
				CBE715890EFAC30D00EF25AA /* MPOAuthAPIKeychainTests.h */,
				CBE7158A0EFAC30D00EF25AA /* MPOAuthAPIKeychainTests.m */,
				CBE715C90EFAC8DC00EF25AA /* MPURLRequestParameterTests.h */,
				CBE715CA0EFAC8DC00EF25AA /* MPURLRequestParameterTests.m */,
				CBE715DA0EFACB1100EF25AA /* MPOAuthURLRequestTests.h */,
				CBE715DB0EFACB1100EF25AA /* MPOAuthURLRequestTests.m */,
				CBE715DE0EFACBD300EF25AA /* MPOAuthSignatureParameterTests.h */,
				CBE715DF0EFACBD300EF25AA /* MPOAuthSignatureParameterTests.m */,
				CB1C1DB00EFB3C0B00B306A3 /* MPOAuthParameterFactoryTests.h */,
				CB1C1DB10EFB3C0B00B306A3 /* MPOAuthParameterFactoryTests.m */,
				CB1C1E2A0EFB739900B306A3 /* OATestServer.rb */,
				CB1C1E2C0EFB73FC00B306A3 /* MPOAuthAPIRequestLoaderTests.h */,
				CB1C1E2D0EFB73FC00B306A3 /* MPOAuthAPIRequestLoaderTests.m */,
				CB12B3130F32A07100054573 /* NSString+URLAdditionsTests.h */,
				CB12B3140F32A07100054573 /* NSString+URLAdditionsTests.m */,
			);
			path = "Unit Tests";
			sourceTree = "<group>";
		};
/* End PBXGroup section */

/* Begin PBXHeadersBuildPhase section */
		CB920E230EF3D02600A89BBD /* Headers */ = {
			isa = PBXHeadersBuildPhase;
			buildActionMask = 2147483647;
			files = (
				CB920E720EF3D1E700A89BBD /* MPOAuth.h in Headers */,
				CB920E3E0EF3D0B000A89BBD /* MPOAuthAPI.h in Headers */,
				CB920E3C0EF3D0B000A89BBD /* MPOAuthCredentialStore.h in Headers */,
				CB920E450EF3D0C500A89BBD /* MPOAuthParameterFactory.h in Headers */,
				CB920E3F0EF3D0B000A89BBD /* MPOAuthAPIRequestLoader.h in Headers */,
				CB920E400EF3D0B000A89BBD /* MPOAuthConnection.h in Headers */,
				CB920E410EF3D0B000A89BBD /* MPOAuthURLRequest.h in Headers */,
				CB9215970EF75E5900A89BBD /* MPURLRequestParameter.h in Headers */,
				CB920E420EF3D0B000A89BBD /* MPOAuthURLResponse.h in Headers */,
				CBE7155E0EFAB2BF00EF25AA /* MPOAuthAPI+KeychainAdditions.h in Headers */,
				CBCC973E0F3D56AD00DBEF2D /* MPDebug.h in Headers */,
			);
			runOnlyForDeploymentPostprocessing = 0;
		};
/* End PBXHeadersBuildPhase section */

/* Begin PBXNativeTarget section */
		8D1107260486CEB800E47090 /* MPOAuthConnection */ = {
			isa = PBXNativeTarget;
			buildConfigurationList = C01FCF4A08A954540054247B /* Build configuration list for PBXNativeTarget "MPOAuthConnection" */;
			buildPhases = (
				8D1107290486CEB800E47090 /* Resources */,
				8D11072C0486CEB800E47090 /* Sources */,
				8D11072E0486CEB800E47090 /* Frameworks */,
				CB920EB30EF3D69100A89BBD /* CopyFiles */,
			);
			buildRules = (
			);
			dependencies = (
				CB920E760EF3D46000A89BBD /* PBXTargetDependency */,
				CBE715930EFAC36200EF25AA /* PBXTargetDependency */,
			);
			name = MPOAuthConnection;
			productInstallPath = "$(HOME)/Applications";
			productName = MPOAuthConnection;
			productReference = 8D1107320486CEB800E47090 /* MPOAuthConnection.app */;
			productType = "com.apple.product-type.application";
		};
		CB920E270EF3D02600A89BBD /* MPOAuth */ = {
			isa = PBXNativeTarget;
			buildConfigurationList = CB920E2C0EF3D02800A89BBD /* Build configuration list for PBXNativeTarget "MPOAuth" */;
			buildPhases = (
				CB920E230EF3D02600A89BBD /* Headers */,
				CB920E240EF3D02600A89BBD /* Resources */,
				CB920E250EF3D02600A89BBD /* Sources */,
				CB920E260EF3D02600A89BBD /* Frameworks */,
			);
			buildRules = (
			);
			dependencies = (
			);
			name = MPOAuth;
			productName = MPOAuth;
			productReference = CB920E280EF3D02600A89BBD /* MPOAuth.framework */;
			productType = "com.apple.product-type.framework";
		};
		CBE7157E0EFAC03300EF25AA /* Unit Tests */ = {
			isa = PBXNativeTarget;
			buildConfigurationList = CBE715830EFAC03500EF25AA /* Build configuration list for PBXNativeTarget "Unit Tests" */;
			buildPhases = (
				CBE7157A0EFAC03300EF25AA /* Resources */,
				CBE7157B0EFAC03300EF25AA /* Sources */,
				CBE7157C0EFAC03300EF25AA /* Frameworks */,
				CBE7157D0EFAC03300EF25AA /* ShellScript */,
			);
			buildRules = (
			);
			dependencies = (
				CBE715850EFAC05900EF25AA /* PBXTargetDependency */,
			);
			name = "Unit Tests";
			productName = "Unit Tests";
			productReference = CBE7157F0EFAC03300EF25AA /* Unit Tests.octest */;
			productType = "com.apple.product-type.bundle";
		};
/* End PBXNativeTarget section */

/* Begin PBXProject section */
		29B97313FDCFA39411CA2CEA /* Project object */ = {
			isa = PBXProject;
			buildConfigurationList = C01FCF4E08A954540054247B /* Build configuration list for PBXProject "MPOAuthConnection" */;
			compatibilityVersion = "Xcode 3.1";
			hasScannedForEncodings = 1;
			mainGroup = 29B97314FDCFA39411CA2CEA /* MPOAuthConnection */;
			projectDirPath = "";
			projectRoot = "";
			targets = (
				8D1107260486CEB800E47090 /* MPOAuthConnection */,
				CB920E270EF3D02600A89BBD /* MPOAuth */,
				CBE7157E0EFAC03300EF25AA /* Unit Tests */,
			);
		};
/* End PBXProject section */

/* Begin PBXResourcesBuildPhase section */
		8D1107290486CEB800E47090 /* Resources */ = {
			isa = PBXResourcesBuildPhase;
			buildActionMask = 2147483647;
			files = (
				8D11072B0486CEB800E47090 /* InfoPlist.strings in Resources */,
				1DDD58160DA1D0A300B32029 /* MainMenu.xib in Resources */,
			);
			runOnlyForDeploymentPostprocessing = 0;
		};
		CB920E240EF3D02600A89BBD /* Resources */ = {
			isa = PBXResourcesBuildPhase;
			buildActionMask = 2147483647;
			files = (
				CB437A6D0F30535B00FF1798 /* oauthAutoConfig.plist in Resources */,
			);
			runOnlyForDeploymentPostprocessing = 0;
		};
		CBE7157A0EFAC03300EF25AA /* Resources */ = {
			isa = PBXResourcesBuildPhase;
			buildActionMask = 2147483647;
			files = (
				CB1C1E2B0EFB739900B306A3 /* OATestServer.rb in Resources */,
			);
			runOnlyForDeploymentPostprocessing = 0;
		};
/* End PBXResourcesBuildPhase section */

/* Begin PBXShellScriptBuildPhase section */
		CBE7157D0EFAC03300EF25AA /* ShellScript */ = {
			isa = PBXShellScriptBuildPhase;
			buildActionMask = 2147483647;
			files = (
			);
			inputPaths = (
			);
			outputPaths = (
			);
			runOnlyForDeploymentPostprocessing = 0;
			shellPath = /bin/sh;
			shellScript = "# Run the unit tests in this test bundle.\n\"${SYSTEM_DEVELOPER_DIR}/Tools/RunUnitTests\"\n";
		};
/* End PBXShellScriptBuildPhase section */

/* Begin PBXSourcesBuildPhase section */
		8D11072C0486CEB800E47090 /* Sources */ = {
			isa = PBXSourcesBuildPhase;
			buildActionMask = 2147483647;
			files = (
				8D11072D0486CEB800E47090 /* main.m in Sources */,
				CBDC70910EEA338C008C4B9B /* OAuthClientController.m in Sources */,
			);
			runOnlyForDeploymentPostprocessing = 0;
		};
		CB920E250EF3D02600A89BBD /* Sources */ = {
			isa = PBXSourcesBuildPhase;
			buildActionMask = 2147483647;
			files = (
				CB920E330EF3D04B00A89BBD /* MPOAuthCredentialConcreteStore.m in Sources */,
				CB920E340EF3D04B00A89BBD /* MPOAuthAPI.m in Sources */,
				CB920E350EF3D04B00A89BBD /* MPOAuthAPIRequestLoader.m in Sources */,
				CB920E360EF3D04B00A89BBD /* MPOAuthConnection.m in Sources */,
				CB920E370EF3D04B00A89BBD /* MPOAuthURLRequest.m in Sources */,
				CB920E380EF3D04B00A89BBD /* MPOAuthURLResponse.m in Sources */,
				CB920E390EF3D04B00A89BBD /* MPOAuthSignatureParameter.m in Sources */,
				CB920E3A0EF3D04B00A89BBD /* MPURLRequestParameter.m in Sources */,
				CB920E2D0EF3D04B00A89BBD /* NSURL+MPURLParameterAdditions.m in Sources */,
				CB920E2E0EF3D04B00A89BBD /* NSURLResponse+Encoding.m in Sources */,
				CB920E2F0EF3D04B00A89BBD /* NSString+URLEscapingAdditions.m in Sources */,
				CB920E300EF3D04B00A89BBD /* Base64Transcoder.c in Sources */,
				CB920E310EF3D04B00A89BBD /* hmac.c in Sources */,
				CB920E320EF3D04B00A89BBD /* sha1.c in Sources */,
				CBE7155F0EFAB2BF00EF25AA /* MPOAuthAPI+KeychainAdditionsiPhone.m in Sources */,
				CBE715600EFAB2BF00EF25AA /* MPOAuthAPI+KeychainAdditionsMac.m in Sources */,
			);
			runOnlyForDeploymentPostprocessing = 0;
		};
		CBE7157B0EFAC03300EF25AA /* Sources */ = {
			isa = PBXSourcesBuildPhase;
			buildActionMask = 2147483647;
			files = (
				CBE7158B0EFAC30D00EF25AA /* MPOAuthAPIKeychainTests.m in Sources */,
				CBE715CB0EFAC8DC00EF25AA /* MPURLRequestParameterTests.m in Sources */,
				CBE715DC0EFACB1100EF25AA /* MPOAuthURLRequestTests.m in Sources */,
				CBE715E00EFACBD300EF25AA /* MPOAuthSignatureParameterTests.m in Sources */,
				CB1C1DB20EFB3C0B00B306A3 /* MPOAuthParameterFactoryTests.m in Sources */,
				CB1C1E2E0EFB73FC00B306A3 /* MPOAuthAPIRequestLoaderTests.m in Sources */,
				CB12B3150F32A07100054573 /* NSString+URLAdditionsTests.m in Sources */,
			);
			runOnlyForDeploymentPostprocessing = 0;
		};
/* End PBXSourcesBuildPhase section */

/* Begin PBXTargetDependency section */
		CB920E760EF3D46000A89BBD /* PBXTargetDependency */ = {
			isa = PBXTargetDependency;
			target = CB920E270EF3D02600A89BBD /* MPOAuth */;
			targetProxy = CB920E750EF3D46000A89BBD /* PBXContainerItemProxy */;
		};
		CBE715850EFAC05900EF25AA /* PBXTargetDependency */ = {
			isa = PBXTargetDependency;
			target = CB920E270EF3D02600A89BBD /* MPOAuth */;
			targetProxy = CBE715840EFAC05900EF25AA /* PBXContainerItemProxy */;
		};
		CBE715930EFAC36200EF25AA /* PBXTargetDependency */ = {
			isa = PBXTargetDependency;
			target = CBE7157E0EFAC03300EF25AA /* Unit Tests */;
			targetProxy = CBE715920EFAC36200EF25AA /* PBXContainerItemProxy */;
		};
/* End PBXTargetDependency section */

/* Begin PBXVariantGroup section */
		089C165CFE840E0CC02AAC07 /* InfoPlist.strings */ = {
			isa = PBXVariantGroup;
			children = (
				089C165DFE840E0CC02AAC07 /* English */,
			);
			name = InfoPlist.strings;
			sourceTree = "<group>";
		};
		1DDD58140DA1D0A300B32029 /* MainMenu.xib */ = {
			isa = PBXVariantGroup;
			children = (
				1DDD58150DA1D0A300B32029 /* English */,
			);
			name = MainMenu.xib;
			sourceTree = "<group>";
		};
/* End PBXVariantGroup section */

/* Begin XCBuildConfiguration section */
		C01FCF4B08A954540054247B /* Debug */ = {
			isa = XCBuildConfiguration;
			buildSettings = {
				ALWAYS_SEARCH_USER_PATHS = YES;
				COPY_PHASE_STRIP = NO;
				FRAMEWORK_SEARCH_PATHS = "";
				GCC_DYNAMIC_NO_PIC = NO;
				GCC_ENABLE_FIX_AND_CONTINUE = YES;
				GCC_MODEL_TUNING = G5;
				GCC_OPTIMIZATION_LEVEL = 0;
				GCC_PRECOMPILE_PREFIX_HEADER = NO;
				GCC_PREFIX_HEADER = MPOAuthConnection_Prefix.pch;
				HEADER_SEARCH_PATHS = "$(BUILT_PRODUCTS_DIR)";
				INFOPLIST_FILE = Info.plist;
				INSTALL_PATH = "$(HOME)/Applications";
				PRODUCT_NAME = MPOAuthConnection;
			};
			name = Debug;
		};
		C01FCF4C08A954540054247B /* Release */ = {
			isa = XCBuildConfiguration;
			buildSettings = {
				ALWAYS_SEARCH_USER_PATHS = NO;
				DEBUG_INFORMATION_FORMAT = "dwarf-with-dsym";
				GCC_MODEL_TUNING = G5;
				GCC_PRECOMPILE_PREFIX_HEADER = YES;
				GCC_PREFIX_HEADER = MPOAuthConnection_Prefix.pch;
				HEADER_SEARCH_PATHS = "$(BUILT_PRODUCTS_DIR)";
				INFOPLIST_FILE = Info.plist;
				INSTALL_PATH = "$(HOME)/Applications";
				PRODUCT_NAME = MPOAuthConnection;
			};
			name = Release;
		};
		C01FCF4F08A954540054247B /* Debug */ = {
			isa = XCBuildConfiguration;
			buildSettings = {
				ARCHS = "$(ARCHS_STANDARD_32_BIT)";
				GCC_C_LANGUAGE_STANDARD = c99;
				GCC_OPTIMIZATION_LEVEL = 0;
				GCC_WARN_ABOUT_RETURN_TYPE = YES;
				GCC_WARN_UNUSED_VARIABLE = YES;
				ONLY_ACTIVE_ARCH = YES;
				PREBINDING = NO;
				SDKROOT = macosx10.5;
			};
			name = Debug;
		};
		C01FCF5008A954540054247B /* Release */ = {
			isa = XCBuildConfiguration;
			buildSettings = {
				ARCHS = "$(ARCHS_STANDARD_32_BIT)";
				GCC_C_LANGUAGE_STANDARD = c99;
				GCC_WARN_ABOUT_RETURN_TYPE = YES;
				GCC_WARN_UNUSED_VARIABLE = YES;
				PREBINDING = NO;
				SDKROOT = macosx10.5;
			};
			name = Release;
		};
		CB920E2A0EF3D02800A89BBD /* Debug */ = {
			isa = XCBuildConfiguration;
			buildSettings = {
				ALWAYS_SEARCH_USER_PATHS = NO;
				COPY_PHASE_STRIP = NO;
				DYLIB_COMPATIBILITY_VERSION = 1;
				DYLIB_CURRENT_VERSION = 1;
				FRAMEWORK_SEARCH_PATHS = (
					"$(inherited)",
					"$(BUILT_PRODUCTS_DIR)",
				);
				FRAMEWORK_VERSION = A;
				GCC_DYNAMIC_NO_PIC = NO;
				GCC_ENABLE_FIX_AND_CONTINUE = NO;
				GCC_MODEL_TUNING = G5;
				GCC_OPTIMIZATION_LEVEL = 0;
				GCC_PRECOMPILE_PREFIX_HEADER = YES;
				GCC_PREFIX_HEADER = MPOAuthConnection_Prefix.pch;
				GCC_PREPROCESSOR_DEFINITIONS = "DEBUG=1";
				INFOPLIST_FILE = "MPOAuth-Info.plist";
				INSTALL_PATH = "@executable_path/../Frameworks";
				OTHER_LDFLAGS = (
					"-framework",
					Foundation,
					"-framework",
					AppKit,
				);
				PREBINDING = NO;
				PRODUCT_NAME = MPOAuth;
			};
			name = Debug;
		};
		CB920E2B0EF3D02800A89BBD /* Release */ = {
			isa = XCBuildConfiguration;
			buildSettings = {
				ALWAYS_SEARCH_USER_PATHS = NO;
				COPY_PHASE_STRIP = YES;
				DEBUG_INFORMATION_FORMAT = "dwarf-with-dsym";
				DYLIB_COMPATIBILITY_VERSION = 1;
				DYLIB_CURRENT_VERSION = 1;
				FRAMEWORK_SEARCH_PATHS = (
					"$(inherited)",
					"$(BUILT_PRODUCTS_DIR)",
				);
				FRAMEWORK_VERSION = A;
				GCC_ENABLE_FIX_AND_CONTINUE = NO;
				GCC_MODEL_TUNING = G5;
				GCC_PRECOMPILE_PREFIX_HEADER = YES;
				GCC_PREFIX_HEADER = MPOAuthConnection_Prefix.pch;
				INFOPLIST_FILE = "MPOAuth-Info.plist";
				INSTALL_PATH = "@executable_path/../Frameworks";
				OTHER_LDFLAGS = (
					"-framework",
					Foundation,
					"-framework",
					AppKit,
				);
				PREBINDING = NO;
				PRODUCT_NAME = MPOAuth;
				ZERO_LINK = NO;
			};
			name = Release;
		};
		CBE715810EFAC03400EF25AA /* Debug */ = {
			isa = XCBuildConfiguration;
			buildSettings = {
				ALWAYS_SEARCH_USER_PATHS = NO;
				COPY_PHASE_STRIP = NO;
				FRAMEWORK_SEARCH_PATHS = "$(DEVELOPER_LIBRARY_DIR)/Frameworks";
				GCC_DYNAMIC_NO_PIC = NO;
				GCC_ENABLE_FIX_AND_CONTINUE = NO;
				GCC_ENABLE_OBJC_EXCEPTIONS = YES;
				GCC_MODEL_TUNING = G5;
				GCC_OPTIMIZATION_LEVEL = 0;
				GCC_PRECOMPILE_PREFIX_HEADER = YES;
				GCC_PREFIX_HEADER = "$(SYSTEM_LIBRARY_DIR)/Frameworks/Cocoa.framework/Headers/Cocoa.h";
				INFOPLIST_FILE = "Unit Tests-Info.plist";
				INSTALL_PATH = "$(USER_LIBRARY_DIR)/Bundles";
				OTHER_LDFLAGS = (
					"-framework",
					Cocoa,
					"-framework",
					SenTestingKit,
				);
				PREBINDING = NO;
				PRODUCT_NAME = "Unit Tests";
				WRAPPER_EXTENSION = octest;
			};
			name = Debug;
		};
		CBE715820EFAC03400EF25AA /* Release */ = {
			isa = XCBuildConfiguration;
			buildSettings = {
				ALWAYS_SEARCH_USER_PATHS = NO;
				COPY_PHASE_STRIP = YES;
				DEBUG_INFORMATION_FORMAT = "dwarf-with-dsym";
				FRAMEWORK_SEARCH_PATHS = "$(DEVELOPER_LIBRARY_DIR)/Frameworks";
				GCC_ENABLE_FIX_AND_CONTINUE = NO;
				GCC_ENABLE_OBJC_EXCEPTIONS = YES;
				GCC_MODEL_TUNING = G5;
				GCC_PRECOMPILE_PREFIX_HEADER = YES;
				GCC_PREFIX_HEADER = "$(SYSTEM_LIBRARY_DIR)/Frameworks/Cocoa.framework/Headers/Cocoa.h";
				INFOPLIST_FILE = "Unit Tests-Info.plist";
				INSTALL_PATH = "$(USER_LIBRARY_DIR)/Bundles";
				OTHER_LDFLAGS = (
					"-framework",
					Cocoa,
					"-framework",
					SenTestingKit,
				);
				PREBINDING = NO;
				PRODUCT_NAME = "Unit Tests";
				WRAPPER_EXTENSION = octest;
				ZERO_LINK = NO;
			};
			name = Release;
		};
/* End XCBuildConfiguration section */

/* Begin XCConfigurationList section */
		C01FCF4A08A954540054247B /* Build configuration list for PBXNativeTarget "MPOAuthConnection" */ = {
			isa = XCConfigurationList;
			buildConfigurations = (
				C01FCF4B08A954540054247B /* Debug */,
				C01FCF4C08A954540054247B /* Release */,
			);
			defaultConfigurationIsVisible = 0;
			defaultConfigurationName = Release;
		};
		C01FCF4E08A954540054247B /* Build configuration list for PBXProject "MPOAuthConnection" */ = {
			isa = XCConfigurationList;
			buildConfigurations = (
				C01FCF4F08A954540054247B /* Debug */,
				C01FCF5008A954540054247B /* Release */,
			);
			defaultConfigurationIsVisible = 0;
			defaultConfigurationName = Release;
		};
		CB920E2C0EF3D02800A89BBD /* Build configuration list for PBXNativeTarget "MPOAuth" */ = {
			isa = XCConfigurationList;
			buildConfigurations = (
				CB920E2A0EF3D02800A89BBD /* Debug */,
				CB920E2B0EF3D02800A89BBD /* Release */,
			);
			defaultConfigurationIsVisible = 0;
			defaultConfigurationName = Release;
		};
		CBE715830EFAC03500EF25AA /* Build configuration list for PBXNativeTarget "Unit Tests" */ = {
			isa = XCConfigurationList;
			buildConfigurations = (
				CBE715810EFAC03400EF25AA /* Debug */,
				CBE715820EFAC03400EF25AA /* Release */,
			);
			defaultConfigurationIsVisible = 0;
			defaultConfigurationName = Release;
		};
/* End XCConfigurationList section */
	};
	rootObject = 29B97313FDCFA39411CA2CEA /* Project object */;
}
